
Microsoft Visual Studio Solution File, Format Version 12.00
# Visual Studio Version 17
VisualStudioVersion = 17.0.32014.148
MinimumVisualStudioVersion = 10.0.40219.1
Project("{9A19103F-16F7-4668-BE54-9A1E7A4F7556}") = "ContainersWPF", "ContainersWPF\ContainersWPF.csproj", "{9D795A99-27E3-4516-A5BA-582037F232B2}"
EndProject
Project("{9A19103F-16F7-4668-BE54-9A1E7A4F7556}") = "BindingWPF", "BindingWPF\BindingWPF.csproj", "{B88D74F9-EE07-4E90-8C88-FC9B33B5BCAA}"
EndProject
Project("{9A19103F-16F7-4668-BE54-9A1E7A4F7556}") = "UtilitiesWPF", "UtilitiesWPF\UtilitiesWPF.csproj", "{6DFF7CE7-756C-4B06-AF53-A66957934F4A}"
EndProject
Project("{9A19103F-16F7-4668-BE54-9A1E7A4F7556}") = "ComboBoxProject", "ComboBoxProjedct\ComboBoxProject.csproj", "{97B4C495-3852-4EB4-A584-3EB484063FA8}"
EndProject
Project("{2150E333-8FDC-42A3-9474-1A3956D46DE8}") = "WPF", "WPF", "{BCE8CF53-7D02-426F-9BD5-690603726071}"
EndProject
Project("{2150E333-8FDC-42A3-9474-1A3956D46DE8}") = "Zadania", "Zadania", "{F073ADAD-DF28-46E1-96FF-73F06D93AAAA}"
EndProject
Project("{FAE04EC0-301F-11D3-BF4B-00C04F79EFBC}") = "Zadanie 1", "Zadanie 1\Zadanie 1.csproj", "{55C39A39-2DE8-4E1E-80AA-AAED3F64E6C5}"
EndProject
Project("{2150E333-8FDC-42A3-9474-1A3956D46DE8}") = "Lekcje", "Lekcje", "{B77BFC62-D40D-4C85-BDAD-5E7BC2D7AECC}"
EndProject
Global
	GlobalSection(SolutionConfigurationPlatforms) = preSolution
		Debug|Any CPU = Debug|Any CPU
		Release|Any CPU = Release|Any CPU
	EndGlobalSection
	GlobalSection(ProjectConfigurationPlatforms) = postSolution
		{9D795A99-27E3-4516-A5BA-582037F232B2}.Debug|Any CPU.ActiveCfg = Debug|Any CPU
		{9D795A99-27E3-4516-A5BA-582037F232B2}.Debug|Any CPU.Build.0 = Debug|Any CPU
		{9D795A99-27E3-4516-A5BA-582037F232B2}.Release|Any CPU.ActiveCfg = Release|Any CPU
		{9D795A99-27E3-4516-A5BA-582037F232B2}.Release|Any CPU.Build.0 = Release|Any CPU
		{B88D74F9-EE07-4E90-8C88-FC9B33B5BCAA}.Debug|Any CPU.ActiveCfg = Debug|Any CPU
		{B88D74F9-EE07-4E90-8C88-FC9B33B5BCAA}.Debug|Any CPU.Build.0 = Debug|Any CPU
		{B88D74F9-EE07-4E90-8C88-FC9B33B5BCAA}.Release|Any CPU.ActiveCfg = Release|Any CPU
		{B88D74F9-EE07-4E90-8C88-FC9B33B5BCAA}.Release|Any CPU.Build.0 = Release|Any CPU
		{6DFF7CE7-756C-4B06-AF53-A66957934F4A}.Debug|Any CPU.ActiveCfg = Debug|Any CPU
		{6DFF7CE7-756C-4B06-AF53-A66957934F4A}.Debug|Any CPU.Build.0 = Debug|Any CPU
		{6DFF7CE7-756C-4B06-AF53-A66957934F4A}.Release|Any CPU.ActiveCfg = Release|Any CPU
		{6DFF7CE7-756C-4B06-AF53-A66957934F4A}.Release|Any CPU.Build.0 = Release|Any CPU
		{97B4C495-3852-4EB4-A584-3EB484063FA8}.Debug|Any CPU.ActiveCfg = Debug|Any CPU
		{97B4C495-3852-4EB4-A584-3EB484063FA8}.Debug|Any CPU.Build.0 = Debug|Any CPU
		{97B4C495-3852-4EB4-A584-3EB484063FA8}.Release|Any CPU.ActiveCfg = Release|Any CPU
		{97B4C495-3852-4EB4-A584-3EB484063FA8}.Release|Any CPU.Build.0 = Release|Any CPU
		{55C39A39-2DE8-4E1E-80AA-AAED3F64E6C5}.Debug|Any CPU.ActiveCfg = Debug|Any CPU
		{55C39A39-2DE8-4E1E-80AA-AAED3F64E6C5}.Debug|Any CPU.Build.0 = Debug|Any CPU
		{55C39A39-2DE8-4E1E-80AA-AAED3F64E6C5}.Release|Any CPU.ActiveCfg = Release|Any CPU
		{55C39A39-2DE8-4E1E-80AA-AAED3F64E6C5}.Release|Any CPU.Build.0 = Release|Any CPU
	EndGlobalSection
	GlobalSection(SolutionProperties) = preSolution
		HideSolutionNode = FALSE
	EndGlobalSection
	GlobalSection(NestedProjects) = preSolution
		{9D795A99-27E3-4516-A5BA-582037F232B2} = {B77BFC62-D40D-4C85-BDAD-5E7BC2D7AECC}
		{B88D74F9-EE07-4E90-8C88-FC9B33B5BCAA} = {B77BFC62-D40D-4C85-BDAD-5E7BC2D7AECC}
		{6DFF7CE7-756C-4B06-AF53-A66957934F4A} = {B77BFC62-D40D-4C85-BDAD-5E7BC2D7AECC}
		{97B4C495-3852-4EB4-A584-3EB484063FA8} = {B77BFC62-D40D-4C85-BDAD-5E7BC2D7AECC}
		{F073ADAD-DF28-46E1-96FF-73F06D93AAAA} = {BCE8CF53-7D02-426F-9BD5-690603726071}
		{55C39A39-2DE8-4E1E-80AA-AAED3F64E6C5} = {F073ADAD-DF28-46E1-96FF-73F06D93AAAA}
		{B77BFC62-D40D-4C85-BDAD-5E7BC2D7AECC} = {BCE8CF53-7D02-426F-9BD5-690603726071}
	EndGlobalSection
	GlobalSection(ExtensibilityGlobals) = postSolution
		SolutionGuid = {4C9A9C39-8E08-4E81-891C-5C8B6BCC3F88}
	EndGlobalSection
EndGlobal
