
Microsoft Visual Studio Solution File, Format Version 12.00
# Visual Studio Version 17
VisualStudioVersion = 17.0.32014.148
MinimumVisualStudioVersion = 10.0.40219.1
Project("{9A19103F-16F7-4668-BE54-9A1E7A4F7556}") = "ContainersWPF", "ContainersWPF\ContainersWPF.csproj", "{9D795A99-27E3-4516-A5BA-582037F232B2}"
EndProject
Project("{9A19103F-16F7-4668-BE54-9A1E7A4F7556}") = "BindingWPF", "BindingWPF\BindingWPF.csproj", "{B88D74F9-EE07-4E90-8C88-FC9B33B5BCAA}"
EndProject
Project("{9A19103F-16F7-4668-BE54-9A1E7A4F7556}") = "UtilitiesWPF", "UtilitiesWPF\UtilitiesWPF.csproj", "{6DFF7CE7-756C-4B06-AF53-A66957934F4A}"
EndProject
Project("{9A19103F-16F7-4668-BE54-9A1E7A4F7556}") = "ComboBoxProject", "ComboBoxProjedct\ComboBoxProject.csproj", "{97B4C495-3852-4EB4-A584-3EB484063FA8}"
EndProject
Project("{2150E333-8FDC-42A3-9474-1A3956D46DE8}") = "WPF", "WPF", "{BCE8CF53-7D02-426F-9BD5-690603726071}"
EndProject
Project("{2150E333-8FDC-42A3-9474-1A3956D46DE8}") = "Zadania", "Zadania", "{F073ADAD-DF28-46E1-96FF-73F06D93AAAA}"
EndProject
Project("{9A19103F-16F7-4668-BE54-9A1E7A4F7556}") = "Zadanie 1", "Zadanie 1\Zadanie 1.csproj", "{55C39A39-2DE8-4E1E-80AA-AAED3F64E6C5}"
EndProject
Project("{2150E333-8FDC-42A3-9474-1A3956D46DE8}") = "Lekcje", "Lekcje", "{B77BFC62-D40D-4C85-BDAD-5E7BC2D7AECC}"
EndProject
Project("{9A19103F-16F7-4668-BE54-9A1E7A4F7556}") = "OnlyBinding", "..\OnlyBinding\OnlyBinding\OnlyBinding.csproj", "{A495BAC9-411A-49C9-B712-38F6DD4D8CDB}"
EndProject
Project("{9A19103F-16F7-4668-BE54-9A1E7A4F7556}") = "FirstMVVMApp", "FirstMVVMApp\FirstMVVMApp.csproj", "{FF162EA9-B47B-4F95-A3C5-233C05D6212C}"
EndProject
Project("{9A19103F-16F7-4668-BE54-9A1E7A4F7556}") = "ConvertersWPFApp", "ConvertersWPFApp\ConvertersWPFApp.csproj", "{5BF61052-7F78-4C06-974A-6E997A42E70A}"
EndProject
Project("{9A19103F-16F7-4668-BE54-9A1E7A4F7556}") = "SliderRGB", "SliderRGB\SliderRGB.csproj", "{8D0A2700-5F22-4A2B-9150-1077F5E57FFF}"
EndProject
Project("{9A19103F-16F7-4668-BE54-9A1E7A4F7556}") = "CalculatorWPFApp", "CalculatorWPFApp\CalculatorWPFApp.csproj", "{06ABE90C-3916-427F-988B-618D726FC84F}"
EndProject
Project("{9A19103F-16F7-4668-BE54-9A1E7A4F7556}") = "Login", "Login\Login.csproj", "{F7BBF0B0-5513-47C2-A41C-60E69E456392}"
EndProject
Project("{9A19103F-16F7-4668-BE54-9A1E7A4F7556}") = "ClockWpfApp", "ClockWpfApp\ClockWpfApp.csproj", "{33229D24-CE81-40A9-8893-98CA3D223B37}"
EndProject
Project("{9A19103F-16F7-4668-BE54-9A1E7A4F7556}") = "PhotoViewerWPFApp", "PhotoViewerWPFApp\PhotoViewerWPFApp.csproj", "{FDDD945E-9859-4094-8262-3952C7D6A45D}"
EndProject
Project("{9A19103F-16F7-4668-BE54-9A1E7A4F7556}") = "Inf04WPFApp", "Inf04WPFApp\Inf04WPFApp.csproj", "{754A3491-B44F-4A07-9CAA-039C66ABAE1C}"
EndProject
Project("{9A19103F-16F7-4668-BE54-9A1E7A4F7556}") = "TicTacToeqdsqdw", "TicTacToe\TicTacToeqdsqdw.csproj", "{C469F94E-5567-4989-942A-07503CD8FABC}"
EndProject
Project("{2150E333-8FDC-42A3-9474-1A3956D46DE8}") = "Xamarin", "Xamarin", "{44D87B1A-67D5-4887-BA02-3249202E1A9F}"
EndProject
Project("{2150E333-8FDC-42A3-9474-1A3956D46DE8}") = "01.FirstApp", "01.FirstApp", "{9E551DDB-E058-458E-827A-CFCE636DA845}"
EndProject
Project("{FAE04EC0-301F-11D3-BF4B-00C04F79EFBC}") = "FirstMobileApp.Android", "FirstMobileApp\FirstMobileApp.Android\FirstMobileApp.Android.csproj", "{CA6F19F5-4F98-4925-B3C0-D140BDF7B619}"
EndProject
Project("{FAE04EC0-301F-11D3-BF4B-00C04F79EFBC}") = "FirstMobileApp.iOS", "FirstMobileApp\FirstMobileApp.iOS\FirstMobileApp.iOS.csproj", "{4048589F-0A78-491D-8A57-4D931EE22783}"
EndProject
Project("{9A19103F-16F7-4668-BE54-9A1E7A4F7556}") = "FirstMobileApp", "FirstMobileApp\FirstMobileApp\FirstMobileApp.csproj", "{78E16C36-B582-4AF9-9B66-21651967623B}"
EndProject
Project("{2150E333-8FDC-42A3-9474-1A3956D46DE8}") = "02.NavigationPage", "02.NavigationPage", "{2BFF7DF8-85F2-43B4-A09E-0CF2E09FAB22}"
EndProject
Project("{FAE04EC0-301F-11D3-BF4B-00C04F79EFBC}") = "NavigationPageApp.Android", "NavigationPageApp\NavigationPageApp.Android\NavigationPageApp.Android.csproj", "{D1A16A10-D99A-467D-9F0E-8A95804CED5D}"
EndProject
Project("{9A19103F-16F7-4668-BE54-9A1E7A4F7556}") = "NavigationPageApp", "NavigationPageApp\NavigationPageApp\NavigationPageApp.csproj", "{3D9217BC-95B2-49EC-8945-DDFEE4A4A19E}"
EndProject
Project("{2150E333-8FDC-42A3-9474-1A3956D46DE8}") = "03.Zadanie", "03.Zadanie", "{663A28E8-A5DA-4C42-B1AA-9F2C739B8265}"
EndProject
Project("{FAE04EC0-301F-11D3-BF4B-00C04F79EFBC}") = "MyTaskApp.Android", "MyTaskApp\MyTaskApp.Android\MyTaskApp.Android.csproj", "{C63FB812-B703-42BF-BF6C-A42D7D5DFF10}"
EndProject
Project("{9A19103F-16F7-4668-BE54-9A1E7A4F7556}") = "MyTaskApp", "MyTaskApp\MyTaskApp\MyTaskApp.csproj", "{DED1A58D-D6AB-4253-AA79-4BFEEB789F65}"
EndProject
Project("{FAE04EC0-301F-11D3-BF4B-00C04F79EFBC}") = "ListOfContacts.Android", "ListOfContacts\ListOfContacts.Android\ListOfContacts.Android.csproj", "{60C3EB72-F4D4-4BC0-BBE0-9BBF48BD12D2}"
EndProject
Project("{9A19103F-16F7-4668-BE54-9A1E7A4F7556}") = "ListOfContacts", "ListOfContacts\ListOfContacts\ListOfContacts.csproj", "{CF57AFF4-7A9B-4200-A554-1C4008E0451F}"
EndProject
Project("{2150E333-8FDC-42A3-9474-1A3956D46DE8}") = "04.TabbedPage", "04.TabbedPage", "{BE9BB8A7-9E3B-4312-9BFD-E23DF5F47F18}"
EndProject
Project("{FAE04EC0-301F-11D3-BF4B-00C04F79EFBC}") = "TabbedPageApp.Android", "TabbedPageApp\TabbedPageApp.Android\TabbedPageApp.Android.csproj", "{D4255A08-8A23-4247-9D32-977C3BDD628A}"
EndProject
Project("{9A19103F-16F7-4668-BE54-9A1E7A4F7556}") = "TabbedPageApp", "TabbedPageApp\TabbedPageApp\TabbedPageApp.csproj", "{8C870DCA-76AE-48DC-BCDA-71FFBA8BF70B}"
EndProject
Project("{2150E333-8FDC-42A3-9474-1A3956D46DE8}") = "Zadanie 5 toDoList", "Zadanie 5 toDoList", "{8EDA8F80-78BF-4917-BFAE-8F0D1613899B}"
EndProject
Project("{FAE04EC0-301F-11D3-BF4B-00C04F79EFBC}") = "ToDoList.Android", "ToDoList\ToDoList.Android\ToDoList.Android.csproj", "{A6D28B17-5F35-42EB-AF03-030F01139310}"
EndProject
Project("{9A19103F-16F7-4668-BE54-9A1E7A4F7556}") = "ToDoList", "ToDoList\ToDoList\ToDoList.csproj", "{798FC3B7-61C8-49FB-88A4-923CD991A6E0}"
EndProject
Project("{9A19103F-16F7-4668-BE54-9A1E7A4F7556}") = "LottoWPFApp", "LottoWPFApp\LottoWPFApp.csproj", "{816EC15B-A151-48E5-8F3C-73966CF878D0}"
EndProject
Project("{9A19103F-16F7-4668-BE54-9A1E7A4F7556}") = "WpfAppCertificate", "WpfAppCertificate\WpfAppCertificate.csproj", "{FDA2C0D9-D7A3-4D33-B0B8-418C1FF70029}"
EndProject
Project("{2150E333-8FDC-42A3-9474-1A3956D46DE8}") = "Egzamin 2023", "Egzamin 2023", "{D08ED008-515C-4063-9816-6323EB67F445}"
EndProject
Project("{2150E333-8FDC-42A3-9474-1A3956D46DE8}") = "konsolowa", "konsolowa", "{ACD13EA0-7BD9-4AC0-A200-FBDAA553126D}"
EndProject
Project("{9A19103F-16F7-4668-BE54-9A1E7A4F7556}") = "ConsoleApp1", "ConsoleApp1\ConsoleApp1.csproj", "{C4DAA226-4334-4D06-813E-A391C5584574}"
EndProject
Project("{2150E333-8FDC-42A3-9474-1A3956D46DE8}") = "desktopowa", "desktopowa", "{93ACBFF5-4D68-4D9B-B4A8-634A8DD51933}"
EndProject
Project("{9A19103F-16F7-4668-BE54-9A1E7A4F7556}") = "WpfApp1", "WpfApp1\WpfApp1.csproj", "{F12A9164-1A12-4769-BEF9-583A7F401824}"
EndProject
Project("{2150E333-8FDC-42A3-9474-1A3956D46DE8}") = "Egzamin 2023 styczen 2", "Egzamin 2023 styczen 2", "{CE76385A-0BFE-4948-8EF0-5EA7A5CFB20D}"
EndProject
Project("{2150E333-8FDC-42A3-9474-1A3956D46DE8}") = "mobilna", "mobilna", "{12687E72-C99E-483C-90BA-4A49162D2A7A}"
EndProject
Project("{2150E333-8FDC-42A3-9474-1A3956D46DE8}") = "konsolowa", "konsolowa", "{D619E27D-92E9-4C4E-B722-16434572D566}"
EndProject
Project("{9A19103F-16F7-4668-BE54-9A1E7A4F7556}") = "ConsoleApp2023styczen", "ConsoleApp2023styczen\ConsoleApp2023styczen.csproj", "{353A2BD2-4695-4A97-A68A-B1886517E553}"
EndProject
Project("{FAE04EC0-301F-11D3-BF4B-00C04F79EFBC}") = "ListaNotatekMobile.Android", "ListaNotatekMobile\ListaNotatekMobile.Android\ListaNotatekMobile.Android.csproj", "{31737F0A-4AB3-438C-8611-F6E4B06960C6}"
EndProject
Project("{9A19103F-16F7-4668-BE54-9A1E7A4F7556}") = "ListaNotatekMobile", "ListaNotatekMobile\ListaNotatekMobile\ListaNotatekMobile.csproj", "{9864E0B0-BA2B-433D-BFC9-707B32457CA8}"
EndProject
Project("{2150E333-8FDC-42A3-9474-1A3956D46DE8}") = "Egzamin 2023 czerwiec", "Egzamin 2023 czerwiec", "{09684C02-EA56-443A-BACC-B0681BEEF7DA}"
EndProject
Project("{9A19103F-16F7-4668-BE54-9A1E7A4F7556}") = "ConsoleAppCzerwiec2023", "ConsoleAppCzerwiec2023\ConsoleAppCzerwiec2023.csproj", "{8628C0FA-7C8A-450B-BBE9-DD517AA13C90}"
EndProject
Project("{2150E333-8FDC-42A3-9474-1A3956D46DE8}") = "konsolowa", "konsolowa", "{F7F57771-45EF-4599-99A0-91C421DAA63D}"
EndProject
Project("{2150E333-8FDC-42A3-9474-1A3956D46DE8}") = "desktopowa", "desktopowa", "{4EFE6A5F-D23D-4F14-83B6-80AE4B635F3C}"
EndProject
Project("{9A19103F-16F7-4668-BE54-9A1E7A4F7556}") = "WpfAppCzerwiec2023", "WpfAppCzerwiec2023\WpfAppCzerwiec2023.csproj", "{6F87B5DD-6070-4C4E-9A0A-259FE8542E47}"
EndProject
Project("{2150E333-8FDC-42A3-9474-1A3956D46DE8}") = "Egzamin 2023 czerwiec 2", "Egzamin 2023 czerwiec 2", "{1A2BEFED-E55E-40BC-8394-46BFABD2A655}"
EndProject
Project("{2150E333-8FDC-42A3-9474-1A3956D46DE8}") = "mobilna", "mobilna", "{7FE2A769-E140-4A27-85C8-DE0E57529A5B}"
EndProject
Project("{2150E333-8FDC-42A3-9474-1A3956D46DE8}") = "konsolowa", "konsolowa", "{D91A8B11-EF9E-4375-B17E-0A853C57A69D}"
EndProject
Project("{FAE04EC0-301F-11D3-BF4B-00C04F79EFBC}") = "babelkowe", "babelkowe\babelkowe.csproj", "{4F8D8182-B7DD-4E51-BE2A-3BBDD21A991B}"
EndProject
Project("{FAE04EC0-301F-11D3-BF4B-00C04F79EFBC}") = "App2.Android", "App2\App2.Android\App2.Android.csproj", "{E4E9C527-17F1-464E-9B62-14B893B253AB}"
EndProject
Project("{FAE04EC0-301F-11D3-BF4B-00C04F79EFBC}") = "App2.iOS", "App2\App2.iOS\App2.iOS.csproj", "{6E9EA3CF-A844-4479-9173-504BED8E3D8E}"
EndProject
Project("{FAE04EC0-301F-11D3-BF4B-00C04F79EFBC}") = "App2", "App2\App2\App2.csproj", "{D54B4121-0A54-414B-9EAC-2A1DDF0548A2}"
EndProject
Global
	GlobalSection(SolutionConfigurationPlatforms) = preSolution
		Debug|Any CPU = Debug|Any CPU
		Debug|iPhone = Debug|iPhone
		Debug|iPhoneSimulator = Debug|iPhoneSimulator
		Release|Any CPU = Release|Any CPU
		Release|iPhone = Release|iPhone
		Release|iPhoneSimulator = Release|iPhoneSimulator
	EndGlobalSection
	GlobalSection(ProjectConfigurationPlatforms) = postSolution
		{9D795A99-27E3-4516-A5BA-582037F232B2}.Debug|Any CPU.ActiveCfg = Debug|Any CPU
		{9D795A99-27E3-4516-A5BA-582037F232B2}.Debug|Any CPU.Build.0 = Debug|Any CPU
		{9D795A99-27E3-4516-A5BA-582037F232B2}.Debug|iPhone.ActiveCfg = Debug|Any CPU
		{9D795A99-27E3-4516-A5BA-582037F232B2}.Debug|iPhone.Build.0 = Debug|Any CPU
		{9D795A99-27E3-4516-A5BA-582037F232B2}.Debug|iPhoneSimulator.ActiveCfg = Debug|Any CPU
		{9D795A99-27E3-4516-A5BA-582037F232B2}.Debug|iPhoneSimulator.Build.0 = Debug|Any CPU
		{9D795A99-27E3-4516-A5BA-582037F232B2}.Release|Any CPU.ActiveCfg = Release|Any CPU
		{9D795A99-27E3-4516-A5BA-582037F232B2}.Release|Any CPU.Build.0 = Release|Any CPU
		{9D795A99-27E3-4516-A5BA-582037F232B2}.Release|iPhone.ActiveCfg = Release|Any CPU
		{9D795A99-27E3-4516-A5BA-582037F232B2}.Release|iPhone.Build.0 = Release|Any CPU
		{9D795A99-27E3-4516-A5BA-582037F232B2}.Release|iPhoneSimulator.ActiveCfg = Release|Any CPU
		{9D795A99-27E3-4516-A5BA-582037F232B2}.Release|iPhoneSimulator.Build.0 = Release|Any CPU
		{B88D74F9-EE07-4E90-8C88-FC9B33B5BCAA}.Debug|Any CPU.ActiveCfg = Debug|Any CPU
		{B88D74F9-EE07-4E90-8C88-FC9B33B5BCAA}.Debug|Any CPU.Build.0 = Debug|Any CPU
		{B88D74F9-EE07-4E90-8C88-FC9B33B5BCAA}.Debug|iPhone.ActiveCfg = Debug|Any CPU
		{B88D74F9-EE07-4E90-8C88-FC9B33B5BCAA}.Debug|iPhone.Build.0 = Debug|Any CPU
		{B88D74F9-EE07-4E90-8C88-FC9B33B5BCAA}.Debug|iPhoneSimulator.ActiveCfg = Debug|Any CPU
		{B88D74F9-EE07-4E90-8C88-FC9B33B5BCAA}.Debug|iPhoneSimulator.Build.0 = Debug|Any CPU
		{B88D74F9-EE07-4E90-8C88-FC9B33B5BCAA}.Release|Any CPU.ActiveCfg = Release|Any CPU
		{B88D74F9-EE07-4E90-8C88-FC9B33B5BCAA}.Release|Any CPU.Build.0 = Release|Any CPU
		{B88D74F9-EE07-4E90-8C88-FC9B33B5BCAA}.Release|iPhone.ActiveCfg = Release|Any CPU
		{B88D74F9-EE07-4E90-8C88-FC9B33B5BCAA}.Release|iPhone.Build.0 = Release|Any CPU
		{B88D74F9-EE07-4E90-8C88-FC9B33B5BCAA}.Release|iPhoneSimulator.ActiveCfg = Release|Any CPU
		{B88D74F9-EE07-4E90-8C88-FC9B33B5BCAA}.Release|iPhoneSimulator.Build.0 = Release|Any CPU
		{6DFF7CE7-756C-4B06-AF53-A66957934F4A}.Debug|Any CPU.ActiveCfg = Debug|Any CPU
		{6DFF7CE7-756C-4B06-AF53-A66957934F4A}.Debug|Any CPU.Build.0 = Debug|Any CPU
		{6DFF7CE7-756C-4B06-AF53-A66957934F4A}.Debug|iPhone.ActiveCfg = Debug|Any CPU
		{6DFF7CE7-756C-4B06-AF53-A66957934F4A}.Debug|iPhone.Build.0 = Debug|Any CPU
		{6DFF7CE7-756C-4B06-AF53-A66957934F4A}.Debug|iPhoneSimulator.ActiveCfg = Debug|Any CPU
		{6DFF7CE7-756C-4B06-AF53-A66957934F4A}.Debug|iPhoneSimulator.Build.0 = Debug|Any CPU
		{6DFF7CE7-756C-4B06-AF53-A66957934F4A}.Release|Any CPU.ActiveCfg = Release|Any CPU
		{6DFF7CE7-756C-4B06-AF53-A66957934F4A}.Release|Any CPU.Build.0 = Release|Any CPU
		{6DFF7CE7-756C-4B06-AF53-A66957934F4A}.Release|iPhone.ActiveCfg = Release|Any CPU
		{6DFF7CE7-756C-4B06-AF53-A66957934F4A}.Release|iPhone.Build.0 = Release|Any CPU
		{6DFF7CE7-756C-4B06-AF53-A66957934F4A}.Release|iPhoneSimulator.ActiveCfg = Release|Any CPU
		{6DFF7CE7-756C-4B06-AF53-A66957934F4A}.Release|iPhoneSimulator.Build.0 = Release|Any CPU
		{97B4C495-3852-4EB4-A584-3EB484063FA8}.Debug|Any CPU.ActiveCfg = Debug|Any CPU
		{97B4C495-3852-4EB4-A584-3EB484063FA8}.Debug|Any CPU.Build.0 = Debug|Any CPU
		{97B4C495-3852-4EB4-A584-3EB484063FA8}.Debug|iPhone.ActiveCfg = Debug|Any CPU
		{97B4C495-3852-4EB4-A584-3EB484063FA8}.Debug|iPhone.Build.0 = Debug|Any CPU
		{97B4C495-3852-4EB4-A584-3EB484063FA8}.Debug|iPhoneSimulator.ActiveCfg = Debug|Any CPU
		{97B4C495-3852-4EB4-A584-3EB484063FA8}.Debug|iPhoneSimulator.Build.0 = Debug|Any CPU
		{97B4C495-3852-4EB4-A584-3EB484063FA8}.Release|Any CPU.ActiveCfg = Release|Any CPU
		{97B4C495-3852-4EB4-A584-3EB484063FA8}.Release|Any CPU.Build.0 = Release|Any CPU
		{97B4C495-3852-4EB4-A584-3EB484063FA8}.Release|iPhone.ActiveCfg = Release|Any CPU
		{97B4C495-3852-4EB4-A584-3EB484063FA8}.Release|iPhone.Build.0 = Release|Any CPU
		{97B4C495-3852-4EB4-A584-3EB484063FA8}.Release|iPhoneSimulator.ActiveCfg = Release|Any CPU
		{97B4C495-3852-4EB4-A584-3EB484063FA8}.Release|iPhoneSimulator.Build.0 = Release|Any CPU
		{55C39A39-2DE8-4E1E-80AA-AAED3F64E6C5}.Debug|Any CPU.ActiveCfg = Debug|Any CPU
		{55C39A39-2DE8-4E1E-80AA-AAED3F64E6C5}.Debug|Any CPU.Build.0 = Debug|Any CPU
		{55C39A39-2DE8-4E1E-80AA-AAED3F64E6C5}.Debug|iPhone.ActiveCfg = Debug|Any CPU
		{55C39A39-2DE8-4E1E-80AA-AAED3F64E6C5}.Debug|iPhone.Build.0 = Debug|Any CPU
		{55C39A39-2DE8-4E1E-80AA-AAED3F64E6C5}.Debug|iPhoneSimulator.ActiveCfg = Debug|Any CPU
		{55C39A39-2DE8-4E1E-80AA-AAED3F64E6C5}.Debug|iPhoneSimulator.Build.0 = Debug|Any CPU
		{55C39A39-2DE8-4E1E-80AA-AAED3F64E6C5}.Release|Any CPU.ActiveCfg = Release|Any CPU
		{55C39A39-2DE8-4E1E-80AA-AAED3F64E6C5}.Release|Any CPU.Build.0 = Release|Any CPU
		{55C39A39-2DE8-4E1E-80AA-AAED3F64E6C5}.Release|iPhone.ActiveCfg = Release|Any CPU
		{55C39A39-2DE8-4E1E-80AA-AAED3F64E6C5}.Release|iPhone.Build.0 = Release|Any CPU
		{55C39A39-2DE8-4E1E-80AA-AAED3F64E6C5}.Release|iPhoneSimulator.ActiveCfg = Release|Any CPU
		{55C39A39-2DE8-4E1E-80AA-AAED3F64E6C5}.Release|iPhoneSimulator.Build.0 = Release|Any CPU
		{A495BAC9-411A-49C9-B712-38F6DD4D8CDB}.Debug|Any CPU.ActiveCfg = Debug|Any CPU
		{A495BAC9-411A-49C9-B712-38F6DD4D8CDB}.Debug|Any CPU.Build.0 = Debug|Any CPU
		{A495BAC9-411A-49C9-B712-38F6DD4D8CDB}.Debug|iPhone.ActiveCfg = Debug|Any CPU
		{A495BAC9-411A-49C9-B712-38F6DD4D8CDB}.Debug|iPhone.Build.0 = Debug|Any CPU
		{A495BAC9-411A-49C9-B712-38F6DD4D8CDB}.Debug|iPhoneSimulator.ActiveCfg = Debug|Any CPU
		{A495BAC9-411A-49C9-B712-38F6DD4D8CDB}.Debug|iPhoneSimulator.Build.0 = Debug|Any CPU
		{A495BAC9-411A-49C9-B712-38F6DD4D8CDB}.Release|Any CPU.ActiveCfg = Release|Any CPU
		{A495BAC9-411A-49C9-B712-38F6DD4D8CDB}.Release|Any CPU.Build.0 = Release|Any CPU
		{A495BAC9-411A-49C9-B712-38F6DD4D8CDB}.Release|iPhone.ActiveCfg = Release|Any CPU
		{A495BAC9-411A-49C9-B712-38F6DD4D8CDB}.Release|iPhone.Build.0 = Release|Any CPU
		{A495BAC9-411A-49C9-B712-38F6DD4D8CDB}.Release|iPhoneSimulator.ActiveCfg = Release|Any CPU
		{A495BAC9-411A-49C9-B712-38F6DD4D8CDB}.Release|iPhoneSimulator.Build.0 = Release|Any CPU
		{FF162EA9-B47B-4F95-A3C5-233C05D6212C}.Debug|Any CPU.ActiveCfg = Debug|Any CPU
		{FF162EA9-B47B-4F95-A3C5-233C05D6212C}.Debug|Any CPU.Build.0 = Debug|Any CPU
		{FF162EA9-B47B-4F95-A3C5-233C05D6212C}.Debug|iPhone.ActiveCfg = Debug|Any CPU
		{FF162EA9-B47B-4F95-A3C5-233C05D6212C}.Debug|iPhone.Build.0 = Debug|Any CPU
		{FF162EA9-B47B-4F95-A3C5-233C05D6212C}.Debug|iPhoneSimulator.ActiveCfg = Debug|Any CPU
		{FF162EA9-B47B-4F95-A3C5-233C05D6212C}.Debug|iPhoneSimulator.Build.0 = Debug|Any CPU
		{FF162EA9-B47B-4F95-A3C5-233C05D6212C}.Release|Any CPU.ActiveCfg = Release|Any CPU
		{FF162EA9-B47B-4F95-A3C5-233C05D6212C}.Release|Any CPU.Build.0 = Release|Any CPU
		{FF162EA9-B47B-4F95-A3C5-233C05D6212C}.Release|iPhone.ActiveCfg = Release|Any CPU
		{FF162EA9-B47B-4F95-A3C5-233C05D6212C}.Release|iPhone.Build.0 = Release|Any CPU
		{FF162EA9-B47B-4F95-A3C5-233C05D6212C}.Release|iPhoneSimulator.ActiveCfg = Release|Any CPU
		{FF162EA9-B47B-4F95-A3C5-233C05D6212C}.Release|iPhoneSimulator.Build.0 = Release|Any CPU
		{5BF61052-7F78-4C06-974A-6E997A42E70A}.Debug|Any CPU.ActiveCfg = Debug|Any CPU
		{5BF61052-7F78-4C06-974A-6E997A42E70A}.Debug|Any CPU.Build.0 = Debug|Any CPU
		{5BF61052-7F78-4C06-974A-6E997A42E70A}.Debug|iPhone.ActiveCfg = Debug|Any CPU
		{5BF61052-7F78-4C06-974A-6E997A42E70A}.Debug|iPhone.Build.0 = Debug|Any CPU
		{5BF61052-7F78-4C06-974A-6E997A42E70A}.Debug|iPhoneSimulator.ActiveCfg = Debug|Any CPU
		{5BF61052-7F78-4C06-974A-6E997A42E70A}.Debug|iPhoneSimulator.Build.0 = Debug|Any CPU
		{5BF61052-7F78-4C06-974A-6E997A42E70A}.Release|Any CPU.ActiveCfg = Release|Any CPU
		{5BF61052-7F78-4C06-974A-6E997A42E70A}.Release|Any CPU.Build.0 = Release|Any CPU
		{5BF61052-7F78-4C06-974A-6E997A42E70A}.Release|iPhone.ActiveCfg = Release|Any CPU
		{5BF61052-7F78-4C06-974A-6E997A42E70A}.Release|iPhone.Build.0 = Release|Any CPU
		{5BF61052-7F78-4C06-974A-6E997A42E70A}.Release|iPhoneSimulator.ActiveCfg = Release|Any CPU
		{5BF61052-7F78-4C06-974A-6E997A42E70A}.Release|iPhoneSimulator.Build.0 = Release|Any CPU
		{8D0A2700-5F22-4A2B-9150-1077F5E57FFF}.Debug|Any CPU.ActiveCfg = Debug|Any CPU
		{8D0A2700-5F22-4A2B-9150-1077F5E57FFF}.Debug|Any CPU.Build.0 = Debug|Any CPU
		{8D0A2700-5F22-4A2B-9150-1077F5E57FFF}.Debug|iPhone.ActiveCfg = Debug|Any CPU
		{8D0A2700-5F22-4A2B-9150-1077F5E57FFF}.Debug|iPhone.Build.0 = Debug|Any CPU
		{8D0A2700-5F22-4A2B-9150-1077F5E57FFF}.Debug|iPhoneSimulator.ActiveCfg = Debug|Any CPU
		{8D0A2700-5F22-4A2B-9150-1077F5E57FFF}.Debug|iPhoneSimulator.Build.0 = Debug|Any CPU
		{8D0A2700-5F22-4A2B-9150-1077F5E57FFF}.Release|Any CPU.ActiveCfg = Release|Any CPU
		{8D0A2700-5F22-4A2B-9150-1077F5E57FFF}.Release|Any CPU.Build.0 = Release|Any CPU
		{8D0A2700-5F22-4A2B-9150-1077F5E57FFF}.Release|iPhone.ActiveCfg = Release|Any CPU
		{8D0A2700-5F22-4A2B-9150-1077F5E57FFF}.Release|iPhone.Build.0 = Release|Any CPU
		{8D0A2700-5F22-4A2B-9150-1077F5E57FFF}.Release|iPhoneSimulator.ActiveCfg = Release|Any CPU
		{8D0A2700-5F22-4A2B-9150-1077F5E57FFF}.Release|iPhoneSimulator.Build.0 = Release|Any CPU
		{06ABE90C-3916-427F-988B-618D726FC84F}.Debug|Any CPU.ActiveCfg = Debug|Any CPU
		{06ABE90C-3916-427F-988B-618D726FC84F}.Debug|Any CPU.Build.0 = Debug|Any CPU
		{06ABE90C-3916-427F-988B-618D726FC84F}.Debug|iPhone.ActiveCfg = Debug|Any CPU
		{06ABE90C-3916-427F-988B-618D726FC84F}.Debug|iPhone.Build.0 = Debug|Any CPU
		{06ABE90C-3916-427F-988B-618D726FC84F}.Debug|iPhoneSimulator.ActiveCfg = Debug|Any CPU
		{06ABE90C-3916-427F-988B-618D726FC84F}.Debug|iPhoneSimulator.Build.0 = Debug|Any CPU
		{06ABE90C-3916-427F-988B-618D726FC84F}.Release|Any CPU.ActiveCfg = Release|Any CPU
		{06ABE90C-3916-427F-988B-618D726FC84F}.Release|Any CPU.Build.0 = Release|Any CPU
		{06ABE90C-3916-427F-988B-618D726FC84F}.Release|iPhone.ActiveCfg = Release|Any CPU
		{06ABE90C-3916-427F-988B-618D726FC84F}.Release|iPhone.Build.0 = Release|Any CPU
		{06ABE90C-3916-427F-988B-618D726FC84F}.Release|iPhoneSimulator.ActiveCfg = Release|Any CPU
		{06ABE90C-3916-427F-988B-618D726FC84F}.Release|iPhoneSimulator.Build.0 = Release|Any CPU
		{F7BBF0B0-5513-47C2-A41C-60E69E456392}.Debug|Any CPU.ActiveCfg = Debug|Any CPU
		{F7BBF0B0-5513-47C2-A41C-60E69E456392}.Debug|Any CPU.Build.0 = Debug|Any CPU
		{F7BBF0B0-5513-47C2-A41C-60E69E456392}.Debug|iPhone.ActiveCfg = Debug|Any CPU
		{F7BBF0B0-5513-47C2-A41C-60E69E456392}.Debug|iPhone.Build.0 = Debug|Any CPU
		{F7BBF0B0-5513-47C2-A41C-60E69E456392}.Debug|iPhoneSimulator.ActiveCfg = Debug|Any CPU
		{F7BBF0B0-5513-47C2-A41C-60E69E456392}.Debug|iPhoneSimulator.Build.0 = Debug|Any CPU
		{F7BBF0B0-5513-47C2-A41C-60E69E456392}.Release|Any CPU.ActiveCfg = Release|Any CPU
		{F7BBF0B0-5513-47C2-A41C-60E69E456392}.Release|Any CPU.Build.0 = Release|Any CPU
		{F7BBF0B0-5513-47C2-A41C-60E69E456392}.Release|iPhone.ActiveCfg = Release|Any CPU
		{F7BBF0B0-5513-47C2-A41C-60E69E456392}.Release|iPhone.Build.0 = Release|Any CPU
		{F7BBF0B0-5513-47C2-A41C-60E69E456392}.Release|iPhoneSimulator.ActiveCfg = Release|Any CPU
		{F7BBF0B0-5513-47C2-A41C-60E69E456392}.Release|iPhoneSimulator.Build.0 = Release|Any CPU
		{33229D24-CE81-40A9-8893-98CA3D223B37}.Debug|Any CPU.ActiveCfg = Debug|Any CPU
		{33229D24-CE81-40A9-8893-98CA3D223B37}.Debug|Any CPU.Build.0 = Debug|Any CPU
		{33229D24-CE81-40A9-8893-98CA3D223B37}.Debug|iPhone.ActiveCfg = Debug|Any CPU
		{33229D24-CE81-40A9-8893-98CA3D223B37}.Debug|iPhone.Build.0 = Debug|Any CPU
		{33229D24-CE81-40A9-8893-98CA3D223B37}.Debug|iPhoneSimulator.ActiveCfg = Debug|Any CPU
		{33229D24-CE81-40A9-8893-98CA3D223B37}.Debug|iPhoneSimulator.Build.0 = Debug|Any CPU
		{33229D24-CE81-40A9-8893-98CA3D223B37}.Release|Any CPU.ActiveCfg = Release|Any CPU
		{33229D24-CE81-40A9-8893-98CA3D223B37}.Release|Any CPU.Build.0 = Release|Any CPU
		{33229D24-CE81-40A9-8893-98CA3D223B37}.Release|iPhone.ActiveCfg = Release|Any CPU
		{33229D24-CE81-40A9-8893-98CA3D223B37}.Release|iPhone.Build.0 = Release|Any CPU
		{33229D24-CE81-40A9-8893-98CA3D223B37}.Release|iPhoneSimulator.ActiveCfg = Release|Any CPU
		{33229D24-CE81-40A9-8893-98CA3D223B37}.Release|iPhoneSimulator.Build.0 = Release|Any CPU
		{FDDD945E-9859-4094-8262-3952C7D6A45D}.Debug|Any CPU.ActiveCfg = Debug|Any CPU
		{FDDD945E-9859-4094-8262-3952C7D6A45D}.Debug|Any CPU.Build.0 = Debug|Any CPU
		{FDDD945E-9859-4094-8262-3952C7D6A45D}.Debug|iPhone.ActiveCfg = Debug|Any CPU
		{FDDD945E-9859-4094-8262-3952C7D6A45D}.Debug|iPhone.Build.0 = Debug|Any CPU
		{FDDD945E-9859-4094-8262-3952C7D6A45D}.Debug|iPhoneSimulator.ActiveCfg = Debug|Any CPU
		{FDDD945E-9859-4094-8262-3952C7D6A45D}.Debug|iPhoneSimulator.Build.0 = Debug|Any CPU
		{FDDD945E-9859-4094-8262-3952C7D6A45D}.Release|Any CPU.ActiveCfg = Release|Any CPU
		{FDDD945E-9859-4094-8262-3952C7D6A45D}.Release|Any CPU.Build.0 = Release|Any CPU
		{FDDD945E-9859-4094-8262-3952C7D6A45D}.Release|iPhone.ActiveCfg = Release|Any CPU
		{FDDD945E-9859-4094-8262-3952C7D6A45D}.Release|iPhone.Build.0 = Release|Any CPU
		{FDDD945E-9859-4094-8262-3952C7D6A45D}.Release|iPhoneSimulator.ActiveCfg = Release|Any CPU
		{FDDD945E-9859-4094-8262-3952C7D6A45D}.Release|iPhoneSimulator.Build.0 = Release|Any CPU
		{754A3491-B44F-4A07-9CAA-039C66ABAE1C}.Debug|Any CPU.ActiveCfg = Debug|Any CPU
		{754A3491-B44F-4A07-9CAA-039C66ABAE1C}.Debug|Any CPU.Build.0 = Debug|Any CPU
		{754A3491-B44F-4A07-9CAA-039C66ABAE1C}.Debug|iPhone.ActiveCfg = Debug|Any CPU
		{754A3491-B44F-4A07-9CAA-039C66ABAE1C}.Debug|iPhone.Build.0 = Debug|Any CPU
		{754A3491-B44F-4A07-9CAA-039C66ABAE1C}.Debug|iPhoneSimulator.ActiveCfg = Debug|Any CPU
		{754A3491-B44F-4A07-9CAA-039C66ABAE1C}.Debug|iPhoneSimulator.Build.0 = Debug|Any CPU
		{754A3491-B44F-4A07-9CAA-039C66ABAE1C}.Release|Any CPU.ActiveCfg = Release|Any CPU
		{754A3491-B44F-4A07-9CAA-039C66ABAE1C}.Release|Any CPU.Build.0 = Release|Any CPU
		{754A3491-B44F-4A07-9CAA-039C66ABAE1C}.Release|iPhone.ActiveCfg = Release|Any CPU
		{754A3491-B44F-4A07-9CAA-039C66ABAE1C}.Release|iPhone.Build.0 = Release|Any CPU
		{754A3491-B44F-4A07-9CAA-039C66ABAE1C}.Release|iPhoneSimulator.ActiveCfg = Release|Any CPU
		{754A3491-B44F-4A07-9CAA-039C66ABAE1C}.Release|iPhoneSimulator.Build.0 = Release|Any CPU
		{C469F94E-5567-4989-942A-07503CD8FABC}.Debug|Any CPU.ActiveCfg = Debug|Any CPU
		{C469F94E-5567-4989-942A-07503CD8FABC}.Debug|Any CPU.Build.0 = Debug|Any CPU
		{C469F94E-5567-4989-942A-07503CD8FABC}.Debug|iPhone.ActiveCfg = Debug|Any CPU
		{C469F94E-5567-4989-942A-07503CD8FABC}.Debug|iPhone.Build.0 = Debug|Any CPU
		{C469F94E-5567-4989-942A-07503CD8FABC}.Debug|iPhoneSimulator.ActiveCfg = Debug|Any CPU
		{C469F94E-5567-4989-942A-07503CD8FABC}.Debug|iPhoneSimulator.Build.0 = Debug|Any CPU
		{C469F94E-5567-4989-942A-07503CD8FABC}.Release|Any CPU.ActiveCfg = Release|Any CPU
		{C469F94E-5567-4989-942A-07503CD8FABC}.Release|Any CPU.Build.0 = Release|Any CPU
		{C469F94E-5567-4989-942A-07503CD8FABC}.Release|iPhone.ActiveCfg = Release|Any CPU
		{C469F94E-5567-4989-942A-07503CD8FABC}.Release|iPhone.Build.0 = Release|Any CPU
		{C469F94E-5567-4989-942A-07503CD8FABC}.Release|iPhoneSimulator.ActiveCfg = Release|Any CPU
		{C469F94E-5567-4989-942A-07503CD8FABC}.Release|iPhoneSimulator.Build.0 = Release|Any CPU
		{CA6F19F5-4F98-4925-B3C0-D140BDF7B619}.Debug|Any CPU.ActiveCfg = Debug|Any CPU
		{CA6F19F5-4F98-4925-B3C0-D140BDF7B619}.Debug|Any CPU.Build.0 = Debug|Any CPU
		{CA6F19F5-4F98-4925-B3C0-D140BDF7B619}.Debug|Any CPU.Deploy.0 = Debug|Any CPU
		{CA6F19F5-4F98-4925-B3C0-D140BDF7B619}.Debug|iPhone.ActiveCfg = Debug|Any CPU
		{CA6F19F5-4F98-4925-B3C0-D140BDF7B619}.Debug|iPhone.Build.0 = Debug|Any CPU
		{CA6F19F5-4F98-4925-B3C0-D140BDF7B619}.Debug|iPhone.Deploy.0 = Debug|Any CPU
		{CA6F19F5-4F98-4925-B3C0-D140BDF7B619}.Debug|iPhoneSimulator.ActiveCfg = Debug|Any CPU
		{CA6F19F5-4F98-4925-B3C0-D140BDF7B619}.Debug|iPhoneSimulator.Build.0 = Debug|Any CPU
		{CA6F19F5-4F98-4925-B3C0-D140BDF7B619}.Debug|iPhoneSimulator.Deploy.0 = Debug|Any CPU
		{CA6F19F5-4F98-4925-B3C0-D140BDF7B619}.Release|Any CPU.ActiveCfg = Release|Any CPU
		{CA6F19F5-4F98-4925-B3C0-D140BDF7B619}.Release|Any CPU.Build.0 = Release|Any CPU
		{CA6F19F5-4F98-4925-B3C0-D140BDF7B619}.Release|Any CPU.Deploy.0 = Release|Any CPU
		{CA6F19F5-4F98-4925-B3C0-D140BDF7B619}.Release|iPhone.ActiveCfg = Release|Any CPU
		{CA6F19F5-4F98-4925-B3C0-D140BDF7B619}.Release|iPhone.Build.0 = Release|Any CPU
		{CA6F19F5-4F98-4925-B3C0-D140BDF7B619}.Release|iPhone.Deploy.0 = Release|Any CPU
		{CA6F19F5-4F98-4925-B3C0-D140BDF7B619}.Release|iPhoneSimulator.ActiveCfg = Release|Any CPU
		{CA6F19F5-4F98-4925-B3C0-D140BDF7B619}.Release|iPhoneSimulator.Build.0 = Release|Any CPU
		{CA6F19F5-4F98-4925-B3C0-D140BDF7B619}.Release|iPhoneSimulator.Deploy.0 = Release|Any CPU
		{4048589F-0A78-491D-8A57-4D931EE22783}.Debug|Any CPU.ActiveCfg = Debug|iPhoneSimulator
		{4048589F-0A78-491D-8A57-4D931EE22783}.Debug|Any CPU.Build.0 = Debug|iPhoneSimulator
		{4048589F-0A78-491D-8A57-4D931EE22783}.Debug|iPhone.ActiveCfg = Debug|iPhone
		{4048589F-0A78-491D-8A57-4D931EE22783}.Debug|iPhone.Build.0 = Debug|iPhone
		{4048589F-0A78-491D-8A57-4D931EE22783}.Debug|iPhoneSimulator.ActiveCfg = Debug|iPhoneSimulator
		{4048589F-0A78-491D-8A57-4D931EE22783}.Debug|iPhoneSimulator.Build.0 = Debug|iPhoneSimulator
		{4048589F-0A78-491D-8A57-4D931EE22783}.Release|Any CPU.ActiveCfg = Release|iPhoneSimulator
		{4048589F-0A78-491D-8A57-4D931EE22783}.Release|Any CPU.Build.0 = Release|iPhoneSimulator
		{4048589F-0A78-491D-8A57-4D931EE22783}.Release|iPhone.ActiveCfg = Release|iPhone
		{4048589F-0A78-491D-8A57-4D931EE22783}.Release|iPhone.Build.0 = Release|iPhone
		{4048589F-0A78-491D-8A57-4D931EE22783}.Release|iPhoneSimulator.ActiveCfg = Release|iPhoneSimulator
		{4048589F-0A78-491D-8A57-4D931EE22783}.Release|iPhoneSimulator.Build.0 = Release|iPhoneSimulator
		{78E16C36-B582-4AF9-9B66-21651967623B}.Debug|Any CPU.ActiveCfg = Debug|Any CPU
		{78E16C36-B582-4AF9-9B66-21651967623B}.Debug|Any CPU.Build.0 = Debug|Any CPU
		{78E16C36-B582-4AF9-9B66-21651967623B}.Debug|iPhone.ActiveCfg = Debug|Any CPU
		{78E16C36-B582-4AF9-9B66-21651967623B}.Debug|iPhone.Build.0 = Debug|Any CPU
		{78E16C36-B582-4AF9-9B66-21651967623B}.Debug|iPhoneSimulator.ActiveCfg = Debug|Any CPU
		{78E16C36-B582-4AF9-9B66-21651967623B}.Debug|iPhoneSimulator.Build.0 = Debug|Any CPU
		{78E16C36-B582-4AF9-9B66-21651967623B}.Release|Any CPU.ActiveCfg = Release|Any CPU
		{78E16C36-B582-4AF9-9B66-21651967623B}.Release|Any CPU.Build.0 = Release|Any CPU
		{78E16C36-B582-4AF9-9B66-21651967623B}.Release|iPhone.ActiveCfg = Release|Any CPU
		{78E16C36-B582-4AF9-9B66-21651967623B}.Release|iPhone.Build.0 = Release|Any CPU
		{78E16C36-B582-4AF9-9B66-21651967623B}.Release|iPhoneSimulator.ActiveCfg = Release|Any CPU
		{78E16C36-B582-4AF9-9B66-21651967623B}.Release|iPhoneSimulator.Build.0 = Release|Any CPU
		{D1A16A10-D99A-467D-9F0E-8A95804CED5D}.Debug|Any CPU.ActiveCfg = Debug|Any CPU
		{D1A16A10-D99A-467D-9F0E-8A95804CED5D}.Debug|Any CPU.Build.0 = Debug|Any CPU
		{D1A16A10-D99A-467D-9F0E-8A95804CED5D}.Debug|Any CPU.Deploy.0 = Debug|Any CPU
		{D1A16A10-D99A-467D-9F0E-8A95804CED5D}.Debug|iPhone.ActiveCfg = Debug|Any CPU
		{D1A16A10-D99A-467D-9F0E-8A95804CED5D}.Debug|iPhone.Build.0 = Debug|Any CPU
		{D1A16A10-D99A-467D-9F0E-8A95804CED5D}.Debug|iPhone.Deploy.0 = Debug|Any CPU
		{D1A16A10-D99A-467D-9F0E-8A95804CED5D}.Debug|iPhoneSimulator.ActiveCfg = Debug|Any CPU
		{D1A16A10-D99A-467D-9F0E-8A95804CED5D}.Debug|iPhoneSimulator.Build.0 = Debug|Any CPU
		{D1A16A10-D99A-467D-9F0E-8A95804CED5D}.Debug|iPhoneSimulator.Deploy.0 = Debug|Any CPU
		{D1A16A10-D99A-467D-9F0E-8A95804CED5D}.Release|Any CPU.ActiveCfg = Release|Any CPU
		{D1A16A10-D99A-467D-9F0E-8A95804CED5D}.Release|Any CPU.Build.0 = Release|Any CPU
		{D1A16A10-D99A-467D-9F0E-8A95804CED5D}.Release|Any CPU.Deploy.0 = Release|Any CPU
		{D1A16A10-D99A-467D-9F0E-8A95804CED5D}.Release|iPhone.ActiveCfg = Release|Any CPU
		{D1A16A10-D99A-467D-9F0E-8A95804CED5D}.Release|iPhone.Build.0 = Release|Any CPU
		{D1A16A10-D99A-467D-9F0E-8A95804CED5D}.Release|iPhone.Deploy.0 = Release|Any CPU
		{D1A16A10-D99A-467D-9F0E-8A95804CED5D}.Release|iPhoneSimulator.ActiveCfg = Release|Any CPU
		{D1A16A10-D99A-467D-9F0E-8A95804CED5D}.Release|iPhoneSimulator.Build.0 = Release|Any CPU
		{D1A16A10-D99A-467D-9F0E-8A95804CED5D}.Release|iPhoneSimulator.Deploy.0 = Release|Any CPU
		{3D9217BC-95B2-49EC-8945-DDFEE4A4A19E}.Debug|Any CPU.ActiveCfg = Debug|Any CPU
		{3D9217BC-95B2-49EC-8945-DDFEE4A4A19E}.Debug|Any CPU.Build.0 = Debug|Any CPU
		{3D9217BC-95B2-49EC-8945-DDFEE4A4A19E}.Debug|iPhone.ActiveCfg = Debug|Any CPU
		{3D9217BC-95B2-49EC-8945-DDFEE4A4A19E}.Debug|iPhone.Build.0 = Debug|Any CPU
		{3D9217BC-95B2-49EC-8945-DDFEE4A4A19E}.Debug|iPhoneSimulator.ActiveCfg = Debug|Any CPU
		{3D9217BC-95B2-49EC-8945-DDFEE4A4A19E}.Debug|iPhoneSimulator.Build.0 = Debug|Any CPU
		{3D9217BC-95B2-49EC-8945-DDFEE4A4A19E}.Release|Any CPU.ActiveCfg = Release|Any CPU
		{3D9217BC-95B2-49EC-8945-DDFEE4A4A19E}.Release|Any CPU.Build.0 = Release|Any CPU
		{3D9217BC-95B2-49EC-8945-DDFEE4A4A19E}.Release|iPhone.ActiveCfg = Release|Any CPU
		{3D9217BC-95B2-49EC-8945-DDFEE4A4A19E}.Release|iPhone.Build.0 = Release|Any CPU
		{3D9217BC-95B2-49EC-8945-DDFEE4A4A19E}.Release|iPhoneSimulator.ActiveCfg = Release|Any CPU
		{3D9217BC-95B2-49EC-8945-DDFEE4A4A19E}.Release|iPhoneSimulator.Build.0 = Release|Any CPU
		{C63FB812-B703-42BF-BF6C-A42D7D5DFF10}.Debug|Any CPU.ActiveCfg = Debug|Any CPU
		{C63FB812-B703-42BF-BF6C-A42D7D5DFF10}.Debug|Any CPU.Build.0 = Debug|Any CPU
		{C63FB812-B703-42BF-BF6C-A42D7D5DFF10}.Debug|Any CPU.Deploy.0 = Debug|Any CPU
		{C63FB812-B703-42BF-BF6C-A42D7D5DFF10}.Debug|iPhone.ActiveCfg = Debug|Any CPU
		{C63FB812-B703-42BF-BF6C-A42D7D5DFF10}.Debug|iPhone.Build.0 = Debug|Any CPU
		{C63FB812-B703-42BF-BF6C-A42D7D5DFF10}.Debug|iPhone.Deploy.0 = Debug|Any CPU
		{C63FB812-B703-42BF-BF6C-A42D7D5DFF10}.Debug|iPhoneSimulator.ActiveCfg = Debug|Any CPU
		{C63FB812-B703-42BF-BF6C-A42D7D5DFF10}.Debug|iPhoneSimulator.Build.0 = Debug|Any CPU
		{C63FB812-B703-42BF-BF6C-A42D7D5DFF10}.Debug|iPhoneSimulator.Deploy.0 = Debug|Any CPU
		{C63FB812-B703-42BF-BF6C-A42D7D5DFF10}.Release|Any CPU.ActiveCfg = Release|Any CPU
		{C63FB812-B703-42BF-BF6C-A42D7D5DFF10}.Release|Any CPU.Build.0 = Release|Any CPU
		{C63FB812-B703-42BF-BF6C-A42D7D5DFF10}.Release|Any CPU.Deploy.0 = Release|Any CPU
		{C63FB812-B703-42BF-BF6C-A42D7D5DFF10}.Release|iPhone.ActiveCfg = Release|Any CPU
		{C63FB812-B703-42BF-BF6C-A42D7D5DFF10}.Release|iPhone.Build.0 = Release|Any CPU
		{C63FB812-B703-42BF-BF6C-A42D7D5DFF10}.Release|iPhone.Deploy.0 = Release|Any CPU
		{C63FB812-B703-42BF-BF6C-A42D7D5DFF10}.Release|iPhoneSimulator.ActiveCfg = Release|Any CPU
		{C63FB812-B703-42BF-BF6C-A42D7D5DFF10}.Release|iPhoneSimulator.Build.0 = Release|Any CPU
		{C63FB812-B703-42BF-BF6C-A42D7D5DFF10}.Release|iPhoneSimulator.Deploy.0 = Release|Any CPU
		{DED1A58D-D6AB-4253-AA79-4BFEEB789F65}.Debug|Any CPU.ActiveCfg = Debug|Any CPU
		{DED1A58D-D6AB-4253-AA79-4BFEEB789F65}.Debug|Any CPU.Build.0 = Debug|Any CPU
		{DED1A58D-D6AB-4253-AA79-4BFEEB789F65}.Debug|iPhone.ActiveCfg = Debug|Any CPU
		{DED1A58D-D6AB-4253-AA79-4BFEEB789F65}.Debug|iPhone.Build.0 = Debug|Any CPU
		{DED1A58D-D6AB-4253-AA79-4BFEEB789F65}.Debug|iPhoneSimulator.ActiveCfg = Debug|Any CPU
		{DED1A58D-D6AB-4253-AA79-4BFEEB789F65}.Debug|iPhoneSimulator.Build.0 = Debug|Any CPU
		{DED1A58D-D6AB-4253-AA79-4BFEEB789F65}.Release|Any CPU.ActiveCfg = Release|Any CPU
		{DED1A58D-D6AB-4253-AA79-4BFEEB789F65}.Release|Any CPU.Build.0 = Release|Any CPU
		{DED1A58D-D6AB-4253-AA79-4BFEEB789F65}.Release|iPhone.ActiveCfg = Release|Any CPU
		{DED1A58D-D6AB-4253-AA79-4BFEEB789F65}.Release|iPhone.Build.0 = Release|Any CPU
		{DED1A58D-D6AB-4253-AA79-4BFEEB789F65}.Release|iPhoneSimulator.ActiveCfg = Release|Any CPU
		{DED1A58D-D6AB-4253-AA79-4BFEEB789F65}.Release|iPhoneSimulator.Build.0 = Release|Any CPU
		{60C3EB72-F4D4-4BC0-BBE0-9BBF48BD12D2}.Debug|Any CPU.ActiveCfg = Debug|Any CPU
		{60C3EB72-F4D4-4BC0-BBE0-9BBF48BD12D2}.Debug|Any CPU.Build.0 = Debug|Any CPU
		{60C3EB72-F4D4-4BC0-BBE0-9BBF48BD12D2}.Debug|Any CPU.Deploy.0 = Debug|Any CPU
		{60C3EB72-F4D4-4BC0-BBE0-9BBF48BD12D2}.Debug|iPhone.ActiveCfg = Debug|Any CPU
		{60C3EB72-F4D4-4BC0-BBE0-9BBF48BD12D2}.Debug|iPhone.Build.0 = Debug|Any CPU
		{60C3EB72-F4D4-4BC0-BBE0-9BBF48BD12D2}.Debug|iPhone.Deploy.0 = Debug|Any CPU
		{60C3EB72-F4D4-4BC0-BBE0-9BBF48BD12D2}.Debug|iPhoneSimulator.ActiveCfg = Debug|Any CPU
		{60C3EB72-F4D4-4BC0-BBE0-9BBF48BD12D2}.Debug|iPhoneSimulator.Build.0 = Debug|Any CPU
		{60C3EB72-F4D4-4BC0-BBE0-9BBF48BD12D2}.Debug|iPhoneSimulator.Deploy.0 = Debug|Any CPU
		{60C3EB72-F4D4-4BC0-BBE0-9BBF48BD12D2}.Release|Any CPU.ActiveCfg = Release|Any CPU
		{60C3EB72-F4D4-4BC0-BBE0-9BBF48BD12D2}.Release|Any CPU.Build.0 = Release|Any CPU
		{60C3EB72-F4D4-4BC0-BBE0-9BBF48BD12D2}.Release|Any CPU.Deploy.0 = Release|Any CPU
		{60C3EB72-F4D4-4BC0-BBE0-9BBF48BD12D2}.Release|iPhone.ActiveCfg = Release|Any CPU
		{60C3EB72-F4D4-4BC0-BBE0-9BBF48BD12D2}.Release|iPhone.Build.0 = Release|Any CPU
		{60C3EB72-F4D4-4BC0-BBE0-9BBF48BD12D2}.Release|iPhone.Deploy.0 = Release|Any CPU
		{60C3EB72-F4D4-4BC0-BBE0-9BBF48BD12D2}.Release|iPhoneSimulator.ActiveCfg = Release|Any CPU
		{60C3EB72-F4D4-4BC0-BBE0-9BBF48BD12D2}.Release|iPhoneSimulator.Build.0 = Release|Any CPU
		{60C3EB72-F4D4-4BC0-BBE0-9BBF48BD12D2}.Release|iPhoneSimulator.Deploy.0 = Release|Any CPU
		{CF57AFF4-7A9B-4200-A554-1C4008E0451F}.Debug|Any CPU.ActiveCfg = Debug|Any CPU
		{CF57AFF4-7A9B-4200-A554-1C4008E0451F}.Debug|Any CPU.Build.0 = Debug|Any CPU
		{CF57AFF4-7A9B-4200-A554-1C4008E0451F}.Debug|iPhone.ActiveCfg = Debug|Any CPU
		{CF57AFF4-7A9B-4200-A554-1C4008E0451F}.Debug|iPhone.Build.0 = Debug|Any CPU
		{CF57AFF4-7A9B-4200-A554-1C4008E0451F}.Debug|iPhoneSimulator.ActiveCfg = Debug|Any CPU
		{CF57AFF4-7A9B-4200-A554-1C4008E0451F}.Debug|iPhoneSimulator.Build.0 = Debug|Any CPU
		{CF57AFF4-7A9B-4200-A554-1C4008E0451F}.Release|Any CPU.ActiveCfg = Release|Any CPU
		{CF57AFF4-7A9B-4200-A554-1C4008E0451F}.Release|Any CPU.Build.0 = Release|Any CPU
		{CF57AFF4-7A9B-4200-A554-1C4008E0451F}.Release|iPhone.ActiveCfg = Release|Any CPU
		{CF57AFF4-7A9B-4200-A554-1C4008E0451F}.Release|iPhone.Build.0 = Release|Any CPU
		{CF57AFF4-7A9B-4200-A554-1C4008E0451F}.Release|iPhoneSimulator.ActiveCfg = Release|Any CPU
		{CF57AFF4-7A9B-4200-A554-1C4008E0451F}.Release|iPhoneSimulator.Build.0 = Release|Any CPU
		{D4255A08-8A23-4247-9D32-977C3BDD628A}.Debug|Any CPU.ActiveCfg = Debug|Any CPU
		{D4255A08-8A23-4247-9D32-977C3BDD628A}.Debug|Any CPU.Build.0 = Debug|Any CPU
		{D4255A08-8A23-4247-9D32-977C3BDD628A}.Debug|Any CPU.Deploy.0 = Debug|Any CPU
		{D4255A08-8A23-4247-9D32-977C3BDD628A}.Debug|iPhone.ActiveCfg = Debug|Any CPU
		{D4255A08-8A23-4247-9D32-977C3BDD628A}.Debug|iPhone.Build.0 = Debug|Any CPU
		{D4255A08-8A23-4247-9D32-977C3BDD628A}.Debug|iPhone.Deploy.0 = Debug|Any CPU
		{D4255A08-8A23-4247-9D32-977C3BDD628A}.Debug|iPhoneSimulator.ActiveCfg = Debug|Any CPU
		{D4255A08-8A23-4247-9D32-977C3BDD628A}.Debug|iPhoneSimulator.Build.0 = Debug|Any CPU
		{D4255A08-8A23-4247-9D32-977C3BDD628A}.Debug|iPhoneSimulator.Deploy.0 = Debug|Any CPU
		{D4255A08-8A23-4247-9D32-977C3BDD628A}.Release|Any CPU.ActiveCfg = Release|Any CPU
		{D4255A08-8A23-4247-9D32-977C3BDD628A}.Release|Any CPU.Build.0 = Release|Any CPU
		{D4255A08-8A23-4247-9D32-977C3BDD628A}.Release|Any CPU.Deploy.0 = Release|Any CPU
		{D4255A08-8A23-4247-9D32-977C3BDD628A}.Release|iPhone.ActiveCfg = Release|Any CPU
		{D4255A08-8A23-4247-9D32-977C3BDD628A}.Release|iPhone.Build.0 = Release|Any CPU
		{D4255A08-8A23-4247-9D32-977C3BDD628A}.Release|iPhone.Deploy.0 = Release|Any CPU
		{D4255A08-8A23-4247-9D32-977C3BDD628A}.Release|iPhoneSimulator.ActiveCfg = Release|Any CPU
		{D4255A08-8A23-4247-9D32-977C3BDD628A}.Release|iPhoneSimulator.Build.0 = Release|Any CPU
		{D4255A08-8A23-4247-9D32-977C3BDD628A}.Release|iPhoneSimulator.Deploy.0 = Release|Any CPU
		{8C870DCA-76AE-48DC-BCDA-71FFBA8BF70B}.Debug|Any CPU.ActiveCfg = Debug|Any CPU
		{8C870DCA-76AE-48DC-BCDA-71FFBA8BF70B}.Debug|Any CPU.Build.0 = Debug|Any CPU
		{8C870DCA-76AE-48DC-BCDA-71FFBA8BF70B}.Debug|iPhone.ActiveCfg = Debug|Any CPU
		{8C870DCA-76AE-48DC-BCDA-71FFBA8BF70B}.Debug|iPhone.Build.0 = Debug|Any CPU
		{8C870DCA-76AE-48DC-BCDA-71FFBA8BF70B}.Debug|iPhoneSimulator.ActiveCfg = Debug|Any CPU
		{8C870DCA-76AE-48DC-BCDA-71FFBA8BF70B}.Debug|iPhoneSimulator.Build.0 = Debug|Any CPU
		{8C870DCA-76AE-48DC-BCDA-71FFBA8BF70B}.Release|Any CPU.ActiveCfg = Release|Any CPU
		{8C870DCA-76AE-48DC-BCDA-71FFBA8BF70B}.Release|Any CPU.Build.0 = Release|Any CPU
		{8C870DCA-76AE-48DC-BCDA-71FFBA8BF70B}.Release|iPhone.ActiveCfg = Release|Any CPU
		{8C870DCA-76AE-48DC-BCDA-71FFBA8BF70B}.Release|iPhone.Build.0 = Release|Any CPU
		{8C870DCA-76AE-48DC-BCDA-71FFBA8BF70B}.Release|iPhoneSimulator.ActiveCfg = Release|Any CPU
		{8C870DCA-76AE-48DC-BCDA-71FFBA8BF70B}.Release|iPhoneSimulator.Build.0 = Release|Any CPU
		{A6D28B17-5F35-42EB-AF03-030F01139310}.Debug|Any CPU.ActiveCfg = Debug|Any CPU
		{A6D28B17-5F35-42EB-AF03-030F01139310}.Debug|Any CPU.Build.0 = Debug|Any CPU
		{A6D28B17-5F35-42EB-AF03-030F01139310}.Debug|Any CPU.Deploy.0 = Debug|Any CPU
		{A6D28B17-5F35-42EB-AF03-030F01139310}.Debug|iPhone.ActiveCfg = Debug|Any CPU
		{A6D28B17-5F35-42EB-AF03-030F01139310}.Debug|iPhone.Build.0 = Debug|Any CPU
		{A6D28B17-5F35-42EB-AF03-030F01139310}.Debug|iPhone.Deploy.0 = Debug|Any CPU
		{A6D28B17-5F35-42EB-AF03-030F01139310}.Debug|iPhoneSimulator.ActiveCfg = Debug|Any CPU
		{A6D28B17-5F35-42EB-AF03-030F01139310}.Debug|iPhoneSimulator.Build.0 = Debug|Any CPU
		{A6D28B17-5F35-42EB-AF03-030F01139310}.Debug|iPhoneSimulator.Deploy.0 = Debug|Any CPU
		{A6D28B17-5F35-42EB-AF03-030F01139310}.Release|Any CPU.ActiveCfg = Release|Any CPU
		{A6D28B17-5F35-42EB-AF03-030F01139310}.Release|Any CPU.Build.0 = Release|Any CPU
		{A6D28B17-5F35-42EB-AF03-030F01139310}.Release|Any CPU.Deploy.0 = Release|Any CPU
		{A6D28B17-5F35-42EB-AF03-030F01139310}.Release|iPhone.ActiveCfg = Release|Any CPU
		{A6D28B17-5F35-42EB-AF03-030F01139310}.Release|iPhone.Build.0 = Release|Any CPU
		{A6D28B17-5F35-42EB-AF03-030F01139310}.Release|iPhone.Deploy.0 = Release|Any CPU
		{A6D28B17-5F35-42EB-AF03-030F01139310}.Release|iPhoneSimulator.ActiveCfg = Release|Any CPU
		{A6D28B17-5F35-42EB-AF03-030F01139310}.Release|iPhoneSimulator.Build.0 = Release|Any CPU
		{A6D28B17-5F35-42EB-AF03-030F01139310}.Release|iPhoneSimulator.Deploy.0 = Release|Any CPU
		{798FC3B7-61C8-49FB-88A4-923CD991A6E0}.Debug|Any CPU.ActiveCfg = Debug|Any CPU
		{798FC3B7-61C8-49FB-88A4-923CD991A6E0}.Debug|Any CPU.Build.0 = Debug|Any CPU
		{798FC3B7-61C8-49FB-88A4-923CD991A6E0}.Debug|iPhone.ActiveCfg = Debug|Any CPU
		{798FC3B7-61C8-49FB-88A4-923CD991A6E0}.Debug|iPhone.Build.0 = Debug|Any CPU
		{798FC3B7-61C8-49FB-88A4-923CD991A6E0}.Debug|iPhoneSimulator.ActiveCfg = Debug|Any CPU
		{798FC3B7-61C8-49FB-88A4-923CD991A6E0}.Debug|iPhoneSimulator.Build.0 = Debug|Any CPU
		{798FC3B7-61C8-49FB-88A4-923CD991A6E0}.Release|Any CPU.ActiveCfg = Release|Any CPU
		{798FC3B7-61C8-49FB-88A4-923CD991A6E0}.Release|Any CPU.Build.0 = Release|Any CPU
		{798FC3B7-61C8-49FB-88A4-923CD991A6E0}.Release|iPhone.ActiveCfg = Release|Any CPU
		{798FC3B7-61C8-49FB-88A4-923CD991A6E0}.Release|iPhone.Build.0 = Release|Any CPU
		{798FC3B7-61C8-49FB-88A4-923CD991A6E0}.Release|iPhoneSimulator.ActiveCfg = Release|Any CPU
		{798FC3B7-61C8-49FB-88A4-923CD991A6E0}.Release|iPhoneSimulator.Build.0 = Release|Any CPU
		{816EC15B-A151-48E5-8F3C-73966CF878D0}.Debug|Any CPU.ActiveCfg = Debug|Any CPU
		{816EC15B-A151-48E5-8F3C-73966CF878D0}.Debug|Any CPU.Build.0 = Debug|Any CPU
		{816EC15B-A151-48E5-8F3C-73966CF878D0}.Debug|iPhone.ActiveCfg = Debug|Any CPU
		{816EC15B-A151-48E5-8F3C-73966CF878D0}.Debug|iPhone.Build.0 = Debug|Any CPU
		{816EC15B-A151-48E5-8F3C-73966CF878D0}.Debug|iPhoneSimulator.ActiveCfg = Debug|Any CPU
		{816EC15B-A151-48E5-8F3C-73966CF878D0}.Debug|iPhoneSimulator.Build.0 = Debug|Any CPU
		{816EC15B-A151-48E5-8F3C-73966CF878D0}.Release|Any CPU.ActiveCfg = Release|Any CPU
		{816EC15B-A151-48E5-8F3C-73966CF878D0}.Release|Any CPU.Build.0 = Release|Any CPU
		{816EC15B-A151-48E5-8F3C-73966CF878D0}.Release|iPhone.ActiveCfg = Release|Any CPU
		{816EC15B-A151-48E5-8F3C-73966CF878D0}.Release|iPhone.Build.0 = Release|Any CPU
		{816EC15B-A151-48E5-8F3C-73966CF878D0}.Release|iPhoneSimulator.ActiveCfg = Release|Any CPU
		{816EC15B-A151-48E5-8F3C-73966CF878D0}.Release|iPhoneSimulator.Build.0 = Release|Any CPU
		{FDA2C0D9-D7A3-4D33-B0B8-418C1FF70029}.Debug|Any CPU.ActiveCfg = Debug|Any CPU
		{FDA2C0D9-D7A3-4D33-B0B8-418C1FF70029}.Debug|Any CPU.Build.0 = Debug|Any CPU
		{FDA2C0D9-D7A3-4D33-B0B8-418C1FF70029}.Debug|iPhone.ActiveCfg = Debug|Any CPU
		{FDA2C0D9-D7A3-4D33-B0B8-418C1FF70029}.Debug|iPhone.Build.0 = Debug|Any CPU
		{FDA2C0D9-D7A3-4D33-B0B8-418C1FF70029}.Debug|iPhoneSimulator.ActiveCfg = Debug|Any CPU
		{FDA2C0D9-D7A3-4D33-B0B8-418C1FF70029}.Debug|iPhoneSimulator.Build.0 = Debug|Any CPU
		{FDA2C0D9-D7A3-4D33-B0B8-418C1FF70029}.Release|Any CPU.ActiveCfg = Release|Any CPU
		{FDA2C0D9-D7A3-4D33-B0B8-418C1FF70029}.Release|Any CPU.Build.0 = Release|Any CPU
		{FDA2C0D9-D7A3-4D33-B0B8-418C1FF70029}.Release|iPhone.ActiveCfg = Release|Any CPU
		{FDA2C0D9-D7A3-4D33-B0B8-418C1FF70029}.Release|iPhone.Build.0 = Release|Any CPU
		{FDA2C0D9-D7A3-4D33-B0B8-418C1FF70029}.Release|iPhoneSimulator.ActiveCfg = Release|Any CPU
		{FDA2C0D9-D7A3-4D33-B0B8-418C1FF70029}.Release|iPhoneSimulator.Build.0 = Release|Any CPU
		{C4DAA226-4334-4D06-813E-A391C5584574}.Debug|Any CPU.ActiveCfg = Debug|Any CPU
		{C4DAA226-4334-4D06-813E-A391C5584574}.Debug|Any CPU.Build.0 = Debug|Any CPU
		{C4DAA226-4334-4D06-813E-A391C5584574}.Debug|iPhone.ActiveCfg = Debug|Any CPU
		{C4DAA226-4334-4D06-813E-A391C5584574}.Debug|iPhone.Build.0 = Debug|Any CPU
		{C4DAA226-4334-4D06-813E-A391C5584574}.Debug|iPhoneSimulator.ActiveCfg = Debug|Any CPU
		{C4DAA226-4334-4D06-813E-A391C5584574}.Debug|iPhoneSimulator.Build.0 = Debug|Any CPU
		{C4DAA226-4334-4D06-813E-A391C5584574}.Release|Any CPU.ActiveCfg = Release|Any CPU
		{C4DAA226-4334-4D06-813E-A391C5584574}.Release|Any CPU.Build.0 = Release|Any CPU
		{C4DAA226-4334-4D06-813E-A391C5584574}.Release|iPhone.ActiveCfg = Release|Any CPU
		{C4DAA226-4334-4D06-813E-A391C5584574}.Release|iPhone.Build.0 = Release|Any CPU
		{C4DAA226-4334-4D06-813E-A391C5584574}.Release|iPhoneSimulator.ActiveCfg = Release|Any CPU
		{C4DAA226-4334-4D06-813E-A391C5584574}.Release|iPhoneSimulator.Build.0 = Release|Any CPU
		{F12A9164-1A12-4769-BEF9-583A7F401824}.Debug|Any CPU.ActiveCfg = Debug|Any CPU
		{F12A9164-1A12-4769-BEF9-583A7F401824}.Debug|Any CPU.Build.0 = Debug|Any CPU
		{F12A9164-1A12-4769-BEF9-583A7F401824}.Debug|iPhone.ActiveCfg = Debug|Any CPU
		{F12A9164-1A12-4769-BEF9-583A7F401824}.Debug|iPhone.Build.0 = Debug|Any CPU
		{F12A9164-1A12-4769-BEF9-583A7F401824}.Debug|iPhoneSimulator.ActiveCfg = Debug|Any CPU
		{F12A9164-1A12-4769-BEF9-583A7F401824}.Debug|iPhoneSimulator.Build.0 = Debug|Any CPU
		{F12A9164-1A12-4769-BEF9-583A7F401824}.Release|Any CPU.ActiveCfg = Release|Any CPU
		{F12A9164-1A12-4769-BEF9-583A7F401824}.Release|Any CPU.Build.0 = Release|Any CPU
		{F12A9164-1A12-4769-BEF9-583A7F401824}.Release|iPhone.ActiveCfg = Release|Any CPU
		{F12A9164-1A12-4769-BEF9-583A7F401824}.Release|iPhone.Build.0 = Release|Any CPU
		{F12A9164-1A12-4769-BEF9-583A7F401824}.Release|iPhoneSimulator.ActiveCfg = Release|Any CPU
		{F12A9164-1A12-4769-BEF9-583A7F401824}.Release|iPhoneSimulator.Build.0 = Release|Any CPU
		{353A2BD2-4695-4A97-A68A-B1886517E553}.Debug|Any CPU.ActiveCfg = Debug|Any CPU
		{353A2BD2-4695-4A97-A68A-B1886517E553}.Debug|Any CPU.Build.0 = Debug|Any CPU
		{353A2BD2-4695-4A97-A68A-B1886517E553}.Debug|iPhone.ActiveCfg = Debug|Any CPU
		{353A2BD2-4695-4A97-A68A-B1886517E553}.Debug|iPhone.Build.0 = Debug|Any CPU
		{353A2BD2-4695-4A97-A68A-B1886517E553}.Debug|iPhoneSimulator.ActiveCfg = Debug|Any CPU
		{353A2BD2-4695-4A97-A68A-B1886517E553}.Debug|iPhoneSimulator.Build.0 = Debug|Any CPU
		{353A2BD2-4695-4A97-A68A-B1886517E553}.Release|Any CPU.ActiveCfg = Release|Any CPU
		{353A2BD2-4695-4A97-A68A-B1886517E553}.Release|Any CPU.Build.0 = Release|Any CPU
		{353A2BD2-4695-4A97-A68A-B1886517E553}.Release|iPhone.ActiveCfg = Release|Any CPU
		{353A2BD2-4695-4A97-A68A-B1886517E553}.Release|iPhone.Build.0 = Release|Any CPU
		{353A2BD2-4695-4A97-A68A-B1886517E553}.Release|iPhoneSimulator.ActiveCfg = Release|Any CPU
		{353A2BD2-4695-4A97-A68A-B1886517E553}.Release|iPhoneSimulator.Build.0 = Release|Any CPU
		{31737F0A-4AB3-438C-8611-F6E4B06960C6}.Debug|Any CPU.ActiveCfg = Debug|Any CPU
		{31737F0A-4AB3-438C-8611-F6E4B06960C6}.Debug|Any CPU.Build.0 = Debug|Any CPU
		{31737F0A-4AB3-438C-8611-F6E4B06960C6}.Debug|Any CPU.Deploy.0 = Debug|Any CPU
		{31737F0A-4AB3-438C-8611-F6E4B06960C6}.Debug|iPhone.ActiveCfg = Debug|Any CPU
		{31737F0A-4AB3-438C-8611-F6E4B06960C6}.Debug|iPhone.Build.0 = Debug|Any CPU
		{31737F0A-4AB3-438C-8611-F6E4B06960C6}.Debug|iPhone.Deploy.0 = Debug|Any CPU
		{31737F0A-4AB3-438C-8611-F6E4B06960C6}.Debug|iPhoneSimulator.ActiveCfg = Debug|Any CPU
		{31737F0A-4AB3-438C-8611-F6E4B06960C6}.Debug|iPhoneSimulator.Build.0 = Debug|Any CPU
		{31737F0A-4AB3-438C-8611-F6E4B06960C6}.Debug|iPhoneSimulator.Deploy.0 = Debug|Any CPU
		{31737F0A-4AB3-438C-8611-F6E4B06960C6}.Release|Any CPU.ActiveCfg = Release|Any CPU
		{31737F0A-4AB3-438C-8611-F6E4B06960C6}.Release|Any CPU.Build.0 = Release|Any CPU
		{31737F0A-4AB3-438C-8611-F6E4B06960C6}.Release|Any CPU.Deploy.0 = Release|Any CPU
		{31737F0A-4AB3-438C-8611-F6E4B06960C6}.Release|iPhone.ActiveCfg = Release|Any CPU
		{31737F0A-4AB3-438C-8611-F6E4B06960C6}.Release|iPhone.Build.0 = Release|Any CPU
		{31737F0A-4AB3-438C-8611-F6E4B06960C6}.Release|iPhone.Deploy.0 = Release|Any CPU
		{31737F0A-4AB3-438C-8611-F6E4B06960C6}.Release|iPhoneSimulator.ActiveCfg = Release|Any CPU
		{31737F0A-4AB3-438C-8611-F6E4B06960C6}.Release|iPhoneSimulator.Build.0 = Release|Any CPU
		{31737F0A-4AB3-438C-8611-F6E4B06960C6}.Release|iPhoneSimulator.Deploy.0 = Release|Any CPU
		{9864E0B0-BA2B-433D-BFC9-707B32457CA8}.Debug|Any CPU.ActiveCfg = Debug|Any CPU
		{9864E0B0-BA2B-433D-BFC9-707B32457CA8}.Debug|Any CPU.Build.0 = Debug|Any CPU
		{9864E0B0-BA2B-433D-BFC9-707B32457CA8}.Debug|iPhone.ActiveCfg = Debug|Any CPU
		{9864E0B0-BA2B-433D-BFC9-707B32457CA8}.Debug|iPhone.Build.0 = Debug|Any CPU
		{9864E0B0-BA2B-433D-BFC9-707B32457CA8}.Debug|iPhoneSimulator.ActiveCfg = Debug|Any CPU
		{9864E0B0-BA2B-433D-BFC9-707B32457CA8}.Debug|iPhoneSimulator.Build.0 = Debug|Any CPU
		{9864E0B0-BA2B-433D-BFC9-707B32457CA8}.Release|Any CPU.ActiveCfg = Release|Any CPU
		{9864E0B0-BA2B-433D-BFC9-707B32457CA8}.Release|Any CPU.Build.0 = Release|Any CPU
		{9864E0B0-BA2B-433D-BFC9-707B32457CA8}.Release|iPhone.ActiveCfg = Release|Any CPU
		{9864E0B0-BA2B-433D-BFC9-707B32457CA8}.Release|iPhone.Build.0 = Release|Any CPU
		{9864E0B0-BA2B-433D-BFC9-707B32457CA8}.Release|iPhoneSimulator.ActiveCfg = Release|Any CPU
		{9864E0B0-BA2B-433D-BFC9-707B32457CA8}.Release|iPhoneSimulator.Build.0 = Release|Any CPU
		{8628C0FA-7C8A-450B-BBE9-DD517AA13C90}.Debug|Any CPU.ActiveCfg = Debug|Any CPU
		{8628C0FA-7C8A-450B-BBE9-DD517AA13C90}.Debug|Any CPU.Build.0 = Debug|Any CPU
		{8628C0FA-7C8A-450B-BBE9-DD517AA13C90}.Debug|iPhone.ActiveCfg = Debug|Any CPU
		{8628C0FA-7C8A-450B-BBE9-DD517AA13C90}.Debug|iPhone.Build.0 = Debug|Any CPU
		{8628C0FA-7C8A-450B-BBE9-DD517AA13C90}.Debug|iPhoneSimulator.ActiveCfg = Debug|Any CPU
		{8628C0FA-7C8A-450B-BBE9-DD517AA13C90}.Debug|iPhoneSimulator.Build.0 = Debug|Any CPU
		{8628C0FA-7C8A-450B-BBE9-DD517AA13C90}.Release|Any CPU.ActiveCfg = Release|Any CPU
		{8628C0FA-7C8A-450B-BBE9-DD517AA13C90}.Release|Any CPU.Build.0 = Release|Any CPU
		{8628C0FA-7C8A-450B-BBE9-DD517AA13C90}.Release|iPhone.ActiveCfg = Release|Any CPU
		{8628C0FA-7C8A-450B-BBE9-DD517AA13C90}.Release|iPhone.Build.0 = Release|Any CPU
		{8628C0FA-7C8A-450B-BBE9-DD517AA13C90}.Release|iPhoneSimulator.ActiveCfg = Release|Any CPU
		{8628C0FA-7C8A-450B-BBE9-DD517AA13C90}.Release|iPhoneSimulator.Build.0 = Release|Any CPU
		{6F87B5DD-6070-4C4E-9A0A-259FE8542E47}.Debug|Any CPU.ActiveCfg = Debug|Any CPU
		{6F87B5DD-6070-4C4E-9A0A-259FE8542E47}.Debug|Any CPU.Build.0 = Debug|Any CPU
		{6F87B5DD-6070-4C4E-9A0A-259FE8542E47}.Debug|iPhone.ActiveCfg = Debug|Any CPU
		{6F87B5DD-6070-4C4E-9A0A-259FE8542E47}.Debug|iPhone.Build.0 = Debug|Any CPU
		{6F87B5DD-6070-4C4E-9A0A-259FE8542E47}.Debug|iPhoneSimulator.ActiveCfg = Debug|Any CPU
		{6F87B5DD-6070-4C4E-9A0A-259FE8542E47}.Debug|iPhoneSimulator.Build.0 = Debug|Any CPU
		{6F87B5DD-6070-4C4E-9A0A-259FE8542E47}.Release|Any CPU.ActiveCfg = Release|Any CPU
		{6F87B5DD-6070-4C4E-9A0A-259FE8542E47}.Release|Any CPU.Build.0 = Release|Any CPU
		{6F87B5DD-6070-4C4E-9A0A-259FE8542E47}.Release|iPhone.ActiveCfg = Release|Any CPU
		{6F87B5DD-6070-4C4E-9A0A-259FE8542E47}.Release|iPhone.Build.0 = Release|Any CPU
		{6F87B5DD-6070-4C4E-9A0A-259FE8542E47}.Release|iPhoneSimulator.ActiveCfg = Release|Any CPU
		{6F87B5DD-6070-4C4E-9A0A-259FE8542E47}.Release|iPhoneSimulator.Build.0 = Release|Any CPU
		{4F8D8182-B7DD-4E51-BE2A-3BBDD21A991B}.Debug|Any CPU.ActiveCfg = Debug|Any CPU
		{4F8D8182-B7DD-4E51-BE2A-3BBDD21A991B}.Debug|Any CPU.Build.0 = Debug|Any CPU
		{4F8D8182-B7DD-4E51-BE2A-3BBDD21A991B}.Debug|iPhone.ActiveCfg = Debug|Any CPU
		{4F8D8182-B7DD-4E51-BE2A-3BBDD21A991B}.Debug|iPhone.Build.0 = Debug|Any CPU
		{4F8D8182-B7DD-4E51-BE2A-3BBDD21A991B}.Debug|iPhoneSimulator.ActiveCfg = Debug|Any CPU
		{4F8D8182-B7DD-4E51-BE2A-3BBDD21A991B}.Debug|iPhoneSimulator.Build.0 = Debug|Any CPU
		{4F8D8182-B7DD-4E51-BE2A-3BBDD21A991B}.Release|Any CPU.ActiveCfg = Release|Any CPU
		{4F8D8182-B7DD-4E51-BE2A-3BBDD21A991B}.Release|Any CPU.Build.0 = Release|Any CPU
		{4F8D8182-B7DD-4E51-BE2A-3BBDD21A991B}.Release|iPhone.ActiveCfg = Release|Any CPU
		{4F8D8182-B7DD-4E51-BE2A-3BBDD21A991B}.Release|iPhone.Build.0 = Release|Any CPU
		{4F8D8182-B7DD-4E51-BE2A-3BBDD21A991B}.Release|iPhoneSimulator.ActiveCfg = Release|Any CPU
		{4F8D8182-B7DD-4E51-BE2A-3BBDD21A991B}.Release|iPhoneSimulator.Build.0 = Release|Any CPU
		{E4E9C527-17F1-464E-9B62-14B893B253AB}.Debug|Any CPU.ActiveCfg = Debug|Any CPU
		{E4E9C527-17F1-464E-9B62-14B893B253AB}.Debug|Any CPU.Build.0 = Debug|Any CPU
		{E4E9C527-17F1-464E-9B62-14B893B253AB}.Debug|Any CPU.Deploy.0 = Debug|Any CPU
		{E4E9C527-17F1-464E-9B62-14B893B253AB}.Debug|iPhone.ActiveCfg = Debug|Any CPU
		{E4E9C527-17F1-464E-9B62-14B893B253AB}.Debug|iPhone.Build.0 = Debug|Any CPU
		{E4E9C527-17F1-464E-9B62-14B893B253AB}.Debug|iPhone.Deploy.0 = Debug|Any CPU
		{E4E9C527-17F1-464E-9B62-14B893B253AB}.Debug|iPhoneSimulator.ActiveCfg = Debug|Any CPU
		{E4E9C527-17F1-464E-9B62-14B893B253AB}.Debug|iPhoneSimulator.Build.0 = Debug|Any CPU
		{E4E9C527-17F1-464E-9B62-14B893B253AB}.Debug|iPhoneSimulator.Deploy.0 = Debug|Any CPU
		{E4E9C527-17F1-464E-9B62-14B893B253AB}.Release|Any CPU.ActiveCfg = Release|Any CPU
		{E4E9C527-17F1-464E-9B62-14B893B253AB}.Release|Any CPU.Build.0 = Release|Any CPU
		{E4E9C527-17F1-464E-9B62-14B893B253AB}.Release|Any CPU.Deploy.0 = Release|Any CPU
		{E4E9C527-17F1-464E-9B62-14B893B253AB}.Release|iPhone.ActiveCfg = Release|Any CPU
		{E4E9C527-17F1-464E-9B62-14B893B253AB}.Release|iPhone.Build.0 = Release|Any CPU
		{E4E9C527-17F1-464E-9B62-14B893B253AB}.Release|iPhone.Deploy.0 = Release|Any CPU
		{E4E9C527-17F1-464E-9B62-14B893B253AB}.Release|iPhoneSimulator.ActiveCfg = Release|Any CPU
		{E4E9C527-17F1-464E-9B62-14B893B253AB}.Release|iPhoneSimulator.Build.0 = Release|Any CPU
		{E4E9C527-17F1-464E-9B62-14B893B253AB}.Release|iPhoneSimulator.Deploy.0 = Release|Any CPU
		{6E9EA3CF-A844-4479-9173-504BED8E3D8E}.Debug|Any CPU.ActiveCfg = Debug|iPhoneSimulator
		{6E9EA3CF-A844-4479-9173-504BED8E3D8E}.Debug|Any CPU.Build.0 = Debug|iPhoneSimulator
		{6E9EA3CF-A844-4479-9173-504BED8E3D8E}.Debug|iPhone.ActiveCfg = Debug|iPhone
		{6E9EA3CF-A844-4479-9173-504BED8E3D8E}.Debug|iPhone.Build.0 = Debug|iPhone
		{6E9EA3CF-A844-4479-9173-504BED8E3D8E}.Debug|iPhoneSimulator.ActiveCfg = Debug|iPhoneSimulator
		{6E9EA3CF-A844-4479-9173-504BED8E3D8E}.Debug|iPhoneSimulator.Build.0 = Debug|iPhoneSimulator
		{6E9EA3CF-A844-4479-9173-504BED8E3D8E}.Release|Any CPU.ActiveCfg = Release|iPhoneSimulator
		{6E9EA3CF-A844-4479-9173-504BED8E3D8E}.Release|Any CPU.Build.0 = Release|iPhoneSimulator
		{6E9EA3CF-A844-4479-9173-504BED8E3D8E}.Release|iPhone.ActiveCfg = Release|iPhone
		{6E9EA3CF-A844-4479-9173-504BED8E3D8E}.Release|iPhone.Build.0 = Release|iPhone
		{6E9EA3CF-A844-4479-9173-504BED8E3D8E}.Release|iPhoneSimulator.ActiveCfg = Release|iPhoneSimulator
		{6E9EA3CF-A844-4479-9173-504BED8E3D8E}.Release|iPhoneSimulator.Build.0 = Release|iPhoneSimulator
		{D54B4121-0A54-414B-9EAC-2A1DDF0548A2}.Debug|Any CPU.ActiveCfg = Debug|Any CPU
		{D54B4121-0A54-414B-9EAC-2A1DDF0548A2}.Debug|Any CPU.Build.0 = Debug|Any CPU
		{D54B4121-0A54-414B-9EAC-2A1DDF0548A2}.Debug|iPhone.ActiveCfg = Debug|Any CPU
		{D54B4121-0A54-414B-9EAC-2A1DDF0548A2}.Debug|iPhone.Build.0 = Debug|Any CPU
		{D54B4121-0A54-414B-9EAC-2A1DDF0548A2}.Debug|iPhoneSimulator.ActiveCfg = Debug|Any CPU
		{D54B4121-0A54-414B-9EAC-2A1DDF0548A2}.Debug|iPhoneSimulator.Build.0 = Debug|Any CPU
		{D54B4121-0A54-414B-9EAC-2A1DDF0548A2}.Release|Any CPU.ActiveCfg = Release|Any CPU
		{D54B4121-0A54-414B-9EAC-2A1DDF0548A2}.Release|Any CPU.Build.0 = Release|Any CPU
		{D54B4121-0A54-414B-9EAC-2A1DDF0548A2}.Release|iPhone.ActiveCfg = Release|Any CPU
		{D54B4121-0A54-414B-9EAC-2A1DDF0548A2}.Release|iPhone.Build.0 = Release|Any CPU
		{D54B4121-0A54-414B-9EAC-2A1DDF0548A2}.Release|iPhoneSimulator.ActiveCfg = Release|Any CPU
		{D54B4121-0A54-414B-9EAC-2A1DDF0548A2}.Release|iPhoneSimulator.Build.0 = Release|Any CPU
	EndGlobalSection
	GlobalSection(SolutionProperties) = preSolution
		HideSolutionNode = FALSE
	EndGlobalSection
	GlobalSection(NestedProjects) = preSolution
		{9D795A99-27E3-4516-A5BA-582037F232B2} = {B77BFC62-D40D-4C85-BDAD-5E7BC2D7AECC}
		{B88D74F9-EE07-4E90-8C88-FC9B33B5BCAA} = {B77BFC62-D40D-4C85-BDAD-5E7BC2D7AECC}
		{6DFF7CE7-756C-4B06-AF53-A66957934F4A} = {B77BFC62-D40D-4C85-BDAD-5E7BC2D7AECC}
		{97B4C495-3852-4EB4-A584-3EB484063FA8} = {B77BFC62-D40D-4C85-BDAD-5E7BC2D7AECC}
		{F073ADAD-DF28-46E1-96FF-73F06D93AAAA} = {BCE8CF53-7D02-426F-9BD5-690603726071}
		{55C39A39-2DE8-4E1E-80AA-AAED3F64E6C5} = {F073ADAD-DF28-46E1-96FF-73F06D93AAAA}
		{B77BFC62-D40D-4C85-BDAD-5E7BC2D7AECC} = {BCE8CF53-7D02-426F-9BD5-690603726071}
		{A495BAC9-411A-49C9-B712-38F6DD4D8CDB} = {B77BFC62-D40D-4C85-BDAD-5E7BC2D7AECC}
		{FF162EA9-B47B-4F95-A3C5-233C05D6212C} = {B77BFC62-D40D-4C85-BDAD-5E7BC2D7AECC}
		{5BF61052-7F78-4C06-974A-6E997A42E70A} = {B77BFC62-D40D-4C85-BDAD-5E7BC2D7AECC}
		{8D0A2700-5F22-4A2B-9150-1077F5E57FFF} = {B77BFC62-D40D-4C85-BDAD-5E7BC2D7AECC}
		{06ABE90C-3916-427F-988B-618D726FC84F} = {B77BFC62-D40D-4C85-BDAD-5E7BC2D7AECC}
		{F7BBF0B0-5513-47C2-A41C-60E69E456392} = {F073ADAD-DF28-46E1-96FF-73F06D93AAAA}
		{33229D24-CE81-40A9-8893-98CA3D223B37} = {B77BFC62-D40D-4C85-BDAD-5E7BC2D7AECC}
		{FDDD945E-9859-4094-8262-3952C7D6A45D} = {B77BFC62-D40D-4C85-BDAD-5E7BC2D7AECC}
		{754A3491-B44F-4A07-9CAA-039C66ABAE1C} = {B77BFC62-D40D-4C85-BDAD-5E7BC2D7AECC}
		{C469F94E-5567-4989-942A-07503CD8FABC} = {F073ADAD-DF28-46E1-96FF-73F06D93AAAA}
		{9E551DDB-E058-458E-827A-CFCE636DA845} = {44D87B1A-67D5-4887-BA02-3249202E1A9F}
		{CA6F19F5-4F98-4925-B3C0-D140BDF7B619} = {9E551DDB-E058-458E-827A-CFCE636DA845}
		{4048589F-0A78-491D-8A57-4D931EE22783} = {9E551DDB-E058-458E-827A-CFCE636DA845}
		{78E16C36-B582-4AF9-9B66-21651967623B} = {9E551DDB-E058-458E-827A-CFCE636DA845}
		{2BFF7DF8-85F2-43B4-A09E-0CF2E09FAB22} = {44D87B1A-67D5-4887-BA02-3249202E1A9F}
		{D1A16A10-D99A-467D-9F0E-8A95804CED5D} = {2BFF7DF8-85F2-43B4-A09E-0CF2E09FAB22}
		{3D9217BC-95B2-49EC-8945-DDFEE4A4A19E} = {2BFF7DF8-85F2-43B4-A09E-0CF2E09FAB22}
		{663A28E8-A5DA-4C42-B1AA-9F2C739B8265} = {44D87B1A-67D5-4887-BA02-3249202E1A9F}
		{C63FB812-B703-42BF-BF6C-A42D7D5DFF10} = {663A28E8-A5DA-4C42-B1AA-9F2C739B8265}
		{DED1A58D-D6AB-4253-AA79-4BFEEB789F65} = {663A28E8-A5DA-4C42-B1AA-9F2C739B8265}
		{60C3EB72-F4D4-4BC0-BBE0-9BBF48BD12D2} = {663A28E8-A5DA-4C42-B1AA-9F2C739B8265}
		{CF57AFF4-7A9B-4200-A554-1C4008E0451F} = {663A28E8-A5DA-4C42-B1AA-9F2C739B8265}
		{BE9BB8A7-9E3B-4312-9BFD-E23DF5F47F18} = {44D87B1A-67D5-4887-BA02-3249202E1A9F}
		{D4255A08-8A23-4247-9D32-977C3BDD628A} = {BE9BB8A7-9E3B-4312-9BFD-E23DF5F47F18}
		{8C870DCA-76AE-48DC-BCDA-71FFBA8BF70B} = {BE9BB8A7-9E3B-4312-9BFD-E23DF5F47F18}
		{8EDA8F80-78BF-4917-BFAE-8F0D1613899B} = {44D87B1A-67D5-4887-BA02-3249202E1A9F}
		{A6D28B17-5F35-42EB-AF03-030F01139310} = {8EDA8F80-78BF-4917-BFAE-8F0D1613899B}
		{798FC3B7-61C8-49FB-88A4-923CD991A6E0} = {8EDA8F80-78BF-4917-BFAE-8F0D1613899B}
		{816EC15B-A151-48E5-8F3C-73966CF878D0} = {B77BFC62-D40D-4C85-BDAD-5E7BC2D7AECC}
		{ACD13EA0-7BD9-4AC0-A200-FBDAA553126D} = {D08ED008-515C-4063-9816-6323EB67F445}
		{C4DAA226-4334-4D06-813E-A391C5584574} = {ACD13EA0-7BD9-4AC0-A200-FBDAA553126D}
		{93ACBFF5-4D68-4D9B-B4A8-634A8DD51933} = {D08ED008-515C-4063-9816-6323EB67F445}
		{F12A9164-1A12-4769-BEF9-583A7F401824} = {93ACBFF5-4D68-4D9B-B4A8-634A8DD51933}
		{12687E72-C99E-483C-90BA-4A49162D2A7A} = {CE76385A-0BFE-4948-8EF0-5EA7A5CFB20D}
		{D619E27D-92E9-4C4E-B722-16434572D566} = {CE76385A-0BFE-4948-8EF0-5EA7A5CFB20D}
		{353A2BD2-4695-4A97-A68A-B1886517E553} = {D619E27D-92E9-4C4E-B722-16434572D566}
		{31737F0A-4AB3-438C-8611-F6E4B06960C6} = {12687E72-C99E-483C-90BA-4A49162D2A7A}
		{9864E0B0-BA2B-433D-BFC9-707B32457CA8} = {12687E72-C99E-483C-90BA-4A49162D2A7A}
		{8628C0FA-7C8A-450B-BBE9-DD517AA13C90} = {F7F57771-45EF-4599-99A0-91C421DAA63D}
		{F7F57771-45EF-4599-99A0-91C421DAA63D} = {09684C02-EA56-443A-BACC-B0681BEEF7DA}
		{4EFE6A5F-D23D-4F14-83B6-80AE4B635F3C} = {09684C02-EA56-443A-BACC-B0681BEEF7DA}
		{6F87B5DD-6070-4C4E-9A0A-259FE8542E47} = {4EFE6A5F-D23D-4F14-83B6-80AE4B635F3C}
		{7FE2A769-E140-4A27-85C8-DE0E57529A5B} = {1A2BEFED-E55E-40BC-8394-46BFABD2A655}
		{D91A8B11-EF9E-4375-B17E-0A853C57A69D} = {1A2BEFED-E55E-40BC-8394-46BFABD2A655}
		{4F8D8182-B7DD-4E51-BE2A-3BBDD21A991B} = {D91A8B11-EF9E-4375-B17E-0A853C57A69D}
		{E4E9C527-17F1-464E-9B62-14B893B253AB} = {7FE2A769-E140-4A27-85C8-DE0E57529A5B}
		{6E9EA3CF-A844-4479-9173-504BED8E3D8E} = {7FE2A769-E140-4A27-85C8-DE0E57529A5B}
		{D54B4121-0A54-414B-9EAC-2A1DDF0548A2} = {7FE2A769-E140-4A27-85C8-DE0E57529A5B}
	EndGlobalSection
	GlobalSection(ExtensibilityGlobals) = postSolution
		SolutionGuid = {4C9A9C39-8E08-4E81-891C-5C8B6BCC3F88}
	EndGlobalSection
EndGlobal
